// !$*UTF8*$!
{
	archiveVersion = 1;
	classes = {
	};
	objectVersion = 46;
	objects = {

/* Begin PBXBuildFile section */
		5721507715B7DAF400F2D170 /* UIScreen+Scale.h in Headers */ = {isa = PBXBuildFile; fileRef = 5721507315B7DAF400F2D170 /* UIScreen+Scale.h */; };
		5721507815B7DAF400F2D170 /* UIScreen+Scale.m in Sources */ = {isa = PBXBuildFile; fileRef = 5721507415B7DAF400F2D170 /* UIScreen+Scale.m */; };
		5721507915B7DAF400F2D170 /* UIView+Screenshot.h in Headers */ = {isa = PBXBuildFile; fileRef = 5721507515B7DAF400F2D170 /* UIView+Screenshot.h */; };
		5721507A15B7DAF400F2D170 /* UIView+Screenshot.m in Sources */ = {isa = PBXBuildFile; fileRef = 5721507615B7DAF400F2D170 /* UIView+Screenshot.m */; };
		5731D46915AE92DB000AEB1D /* UIImage+Alpha.h in Headers */ = {isa = PBXBuildFile; fileRef = 5731D46315AE92DB000AEB1D /* UIImage+Alpha.h */; };
		5731D46A15AE92DB000AEB1D /* UIImage+Alpha.m in Sources */ = {isa = PBXBuildFile; fileRef = 5731D46415AE92DB000AEB1D /* UIImage+Alpha.m */; };
		5731D46B15AE92DB000AEB1D /* UIImage+Resize.h in Headers */ = {isa = PBXBuildFile; fileRef = 5731D46515AE92DB000AEB1D /* UIImage+Resize.h */; };
		5731D46C15AE92DB000AEB1D /* UIImage+Resize.m in Sources */ = {isa = PBXBuildFile; fileRef = 5731D46615AE92DB000AEB1D /* UIImage+Resize.m */; };
		5731D46D15AE92DB000AEB1D /* UIImage+RoundedCorner.h in Headers */ = {isa = PBXBuildFile; fileRef = 5731D46715AE92DB000AEB1D /* UIImage+RoundedCorner.h */; };
		5731D46E15AE92DB000AEB1D /* UIImage+RoundedCorner.m in Sources */ = {isa = PBXBuildFile; fileRef = 5731D46815AE92DB000AEB1D /* UIImage+RoundedCorner.m */; };
		57468CC915F056450084311E /* MWPhotoBrowser.h in Headers */ = {isa = PBXBuildFile; fileRef = 57468CC715F056450084311E /* MWPhotoBrowser.h */; };
		57468CCA15F056450084311E /* MWPhotoBrowser.m in Sources */ = {isa = PBXBuildFile; fileRef = 57468CC815F056450084311E /* MWPhotoBrowser.m */; };
		57468CCE15F057850084311E /* RTPhotoScrollView.h in Headers */ = {isa = PBXBuildFile; fileRef = 57468CCC15F057840084311E /* RTPhotoScrollView.h */; };
		57468CCF15F057850084311E /* RTPhotoScrollView.m in Sources */ = {isa = PBXBuildFile; fileRef = 57468CCD15F057840084311E /* RTPhotoScrollView.m */; };
		57468CD615F05B930084311E /* MWTapDetectingImageView.h in Headers */ = {isa = PBXBuildFile; fileRef = 57468CD015F05B930084311E /* MWTapDetectingImageView.h */; };
		57468CD715F05B930084311E /* MWTapDetectingImageView.m in Sources */ = {isa = PBXBuildFile; fileRef = 57468CD115F05B930084311E /* MWTapDetectingImageView.m */; };
		57468CD815F05B930084311E /* MWTapDetectingView.h in Headers */ = {isa = PBXBuildFile; fileRef = 57468CD215F05B930084311E /* MWTapDetectingView.h */; };
		57468CD915F05B930084311E /* MWTapDetectingView.m in Sources */ = {isa = PBXBuildFile; fileRef = 57468CD315F05B930084311E /* MWTapDetectingView.m */; };
		57468CDA15F05B930084311E /* MWZoomingScrollView.h in Headers */ = {isa = PBXBuildFile; fileRef = 57468CD415F05B930084311E /* MWZoomingScrollView.h */; };
		57468CDB15F05B930084311E /* MWZoomingScrollView.m in Sources */ = {isa = PBXBuildFile; fileRef = 57468CD515F05B930084311E /* MWZoomingScrollView.m */; };
		57468CDE15F0889D0084311E /* RTPhoto.h in Headers */ = {isa = PBXBuildFile; fileRef = 57468CDC15F0889C0084311E /* RTPhoto.h */; };
		57468CDF15F0889D0084311E /* RTPhoto.m in Sources */ = {isa = PBXBuildFile; fileRef = 57468CDD15F0889C0084311E /* RTPhoto.m */; };
		5755E35E1675A000008A895A /* CustomBadge.m in Sources */ = {isa = PBXBuildFile; fileRef = 5755E35C1675A000008A895A /* CustomBadge.m */; };
		5755E35F1675A000008A895A /* CustomBadge.h in Headers */ = {isa = PBXBuildFile; fileRef = 5755E35D1675A000008A895A /* CustomBadge.h */; };
		5787C96615ABF46A001DC499 /* MBProgressHUD.h in Headers */ = {isa = PBXBuildFile; fileRef = 5787C96415ABF469001DC499 /* MBProgressHUD.h */; };
		5787C96715ABF46A001DC499 /* MBProgressHUD.m in Sources */ = {isa = PBXBuildFile; fileRef = 5787C96515ABF469001DC499 /* MBProgressHUD.m */; };
		5787C97815ABF4A2001DC499 /* EGORefreshTableHeaderView.h in Headers */ = {isa = PBXBuildFile; fileRef = 5787C96D15ABF4A2001DC499 /* EGORefreshTableHeaderView.h */; };
		5787C97915ABF4A2001DC499 /* EGORefreshTableHeaderView.m in Sources */ = {isa = PBXBuildFile; fileRef = 5787C96E15ABF4A2001DC499 /* EGORefreshTableHeaderView.m */; };
		578B301D15C7CC280025D636 /* IndexScrollController.h in Headers */ = {isa = PBXBuildFile; fileRef = 578B301915C7CC280025D636 /* IndexScrollController.h */; };
		578B301E15C7CC280025D636 /* IndexScrollController.m in Sources */ = {isa = PBXBuildFile; fileRef = 578B301A15C7CC280025D636 /* IndexScrollController.m */; };
		578B301F15C7CC280025D636 /* IndexScrollView.h in Headers */ = {isa = PBXBuildFile; fileRef = 578B301B15C7CC280025D636 /* IndexScrollView.h */; };
		578B302015C7CC280025D636 /* IndexScrollView.m in Sources */ = {isa = PBXBuildFile; fileRef = 578B301C15C7CC280025D636 /* IndexScrollView.m */; };
		578B313115CA4F8F0025D636 /* JWFolders.h in Headers */ = {isa = PBXBuildFile; fileRef = 578B312B15CA4F8F0025D636 /* JWFolders.h */; };
		578B313215CA4F900025D636 /* JWFolders.m in Sources */ = {isa = PBXBuildFile; fileRef = 578B312C15CA4F8F0025D636 /* JWFolders.m */; };
		57AB634B1663094A00770E3F /* WebImageView.h in Headers */ = {isa = PBXBuildFile; fileRef = 57AB63491663094A00770E3F /* WebImageView.h */; };
		57AB634C1663094A00770E3F /* WebImageView.m in Sources */ = {isa = PBXBuildFile; fileRef = 57AB634A1663094A00770E3F /* WebImageView.m */; };
		57E39326159849C100F0D0FB /* Foundation.framework in Frameworks */ = {isa = PBXBuildFile; fileRef = 57E39325159849C100F0D0FB /* Foundation.framework */; };
		57E4F3B015DDCE2D000C3E17 /* RTButtonSegmentControl.h in Headers */ = {isa = PBXBuildFile; fileRef = 57E4F3AE15DDCE2D000C3E17 /* RTButtonSegmentControl.h */; };
		57E4F3B115DDCE2D000C3E17 /* RTButtonSegmentControl.m in Sources */ = {isa = PBXBuildFile; fileRef = 57E4F3AF15DDCE2D000C3E17 /* RTButtonSegmentControl.m */; };
		57F5699D165F722800458FD5 /* UIBarButtonItem+WEPopover.h in Headers */ = {isa = PBXBuildFile; fileRef = 57F56994165F722800458FD5 /* UIBarButtonItem+WEPopover.h */; };
		57F5699E165F722900458FD5 /* UIBarButtonItem+WEPopover.m in Sources */ = {isa = PBXBuildFile; fileRef = 57F56995165F722800458FD5 /* UIBarButtonItem+WEPopover.m */; };
		57F5699F165F722900458FD5 /* WEPopoverContainerView.h in Headers */ = {isa = PBXBuildFile; fileRef = 57F56996165F722800458FD5 /* WEPopoverContainerView.h */; };
		57F569A0165F722900458FD5 /* WEPopoverContainerView.m in Sources */ = {isa = PBXBuildFile; fileRef = 57F56997165F722800458FD5 /* WEPopoverContainerView.m */; };
		57F569A1165F722900458FD5 /* WEPopoverController.h in Headers */ = {isa = PBXBuildFile; fileRef = 57F56998165F722800458FD5 /* WEPopoverController.h */; };
		57F569A2165F722900458FD5 /* WEPopoverController.m in Sources */ = {isa = PBXBuildFile; fileRef = 57F56999165F722800458FD5 /* WEPopoverController.m */; };
		57F569A3165F722900458FD5 /* WEPopoverParentView.h in Headers */ = {isa = PBXBuildFile; fileRef = 57F5699A165F722800458FD5 /* WEPopoverParentView.h */; };
		57F569A4165F722900458FD5 /* WETouchableView.h in Headers */ = {isa = PBXBuildFile; fileRef = 57F5699B165F722800458FD5 /* WETouchableView.h */; };
		57F569A5165F722900458FD5 /* WETouchableView.m in Sources */ = {isa = PBXBuildFile; fileRef = 57F5699C165F722800458FD5 /* WETouchableView.m */; };
/* End PBXBuildFile section */

/* Begin PBXFileReference section */
		5721507315B7DAF400F2D170 /* UIScreen+Scale.h */ = {isa = PBXFileReference; fileEncoding = 4; lastKnownFileType = sourcecode.c.h; path = "UIScreen+Scale.h"; sourceTree = "<group>"; };
		5721507415B7DAF400F2D170 /* UIScreen+Scale.m */ = {isa = PBXFileReference; fileEncoding = 4; lastKnownFileType = sourcecode.c.objc; path = "UIScreen+Scale.m"; sourceTree = "<group>"; };
		5721507515B7DAF400F2D170 /* UIView+Screenshot.h */ = {isa = PBXFileReference; fileEncoding = 4; lastKnownFileType = sourcecode.c.h; path = "UIView+Screenshot.h"; sourceTree = "<group>"; };
		5721507615B7DAF400F2D170 /* UIView+Screenshot.m */ = {isa = PBXFileReference; fileEncoding = 4; lastKnownFileType = sourcecode.c.objc; path = "UIView+Screenshot.m"; sourceTree = "<group>"; };
		5731D46315AE92DB000AEB1D /* UIImage+Alpha.h */ = {isa = PBXFileReference; fileEncoding = 4; lastKnownFileType = sourcecode.c.h; path = "UIImage+Alpha.h"; sourceTree = "<group>"; };
		5731D46415AE92DB000AEB1D /* UIImage+Alpha.m */ = {isa = PBXFileReference; fileEncoding = 4; lastKnownFileType = sourcecode.c.objc; path = "UIImage+Alpha.m"; sourceTree = "<group>"; };
		5731D46515AE92DB000AEB1D /* UIImage+Resize.h */ = {isa = PBXFileReference; fileEncoding = 4; lastKnownFileType = sourcecode.c.h; path = "UIImage+Resize.h"; sourceTree = "<group>"; };
		5731D46615AE92DB000AEB1D /* UIImage+Resize.m */ = {isa = PBXFileReference; fileEncoding = 4; lastKnownFileType = sourcecode.c.objc; path = "UIImage+Resize.m"; sourceTree = "<group>"; };
		5731D46715AE92DB000AEB1D /* UIImage+RoundedCorner.h */ = {isa = PBXFileReference; fileEncoding = 4; lastKnownFileType = sourcecode.c.h; path = "UIImage+RoundedCorner.h"; sourceTree = "<group>"; };
		5731D46815AE92DB000AEB1D /* UIImage+RoundedCorner.m */ = {isa = PBXFileReference; fileEncoding = 4; lastKnownFileType = sourcecode.c.objc; path = "UIImage+RoundedCorner.m"; sourceTree = "<group>"; };
		57468CC715F056450084311E /* MWPhotoBrowser.h */ = {isa = PBXFileReference; fileEncoding = 4; lastKnownFileType = sourcecode.c.h; path = MWPhotoBrowser.h; sourceTree = "<group>"; };
		57468CC815F056450084311E /* MWPhotoBrowser.m */ = {isa = PBXFileReference; fileEncoding = 4; lastKnownFileType = sourcecode.c.objc; path = MWPhotoBrowser.m; sourceTree = "<group>"; };
		57468CCC15F057840084311E /* RTPhotoScrollView.h */ = {isa = PBXFileReference; fileEncoding = 4; lastKnownFileType = sourcecode.c.h; path = RTPhotoScrollView.h; sourceTree = "<group>"; };
		57468CCD15F057840084311E /* RTPhotoScrollView.m */ = {isa = PBXFileReference; fileEncoding = 4; lastKnownFileType = sourcecode.c.objc; path = RTPhotoScrollView.m; sourceTree = "<group>"; };
		57468CD015F05B930084311E /* MWTapDetectingImageView.h */ = {isa = PBXFileReference; fileEncoding = 4; lastKnownFileType = sourcecode.c.h; path = MWTapDetectingImageView.h; sourceTree = "<group>"; };
		57468CD115F05B930084311E /* MWTapDetectingImageView.m */ = {isa = PBXFileReference; fileEncoding = 4; lastKnownFileType = sourcecode.c.objc; path = MWTapDetectingImageView.m; sourceTree = "<group>"; };
		57468CD215F05B930084311E /* MWTapDetectingView.h */ = {isa = PBXFileReference; fileEncoding = 4; lastKnownFileType = sourcecode.c.h; path = MWTapDetectingView.h; sourceTree = "<group>"; };
		57468CD315F05B930084311E /* MWTapDetectingView.m */ = {isa = PBXFileReference; fileEncoding = 4; lastKnownFileType = sourcecode.c.objc; path = MWTapDetectingView.m; sourceTree = "<group>"; };
		57468CD415F05B930084311E /* MWZoomingScrollView.h */ = {isa = PBXFileReference; fileEncoding = 4; lastKnownFileType = sourcecode.c.h; path = MWZoomingScrollView.h; sourceTree = "<group>"; };
		57468CD515F05B930084311E /* MWZoomingScrollView.m */ = {isa = PBXFileReference; fileEncoding = 4; lastKnownFileType = sourcecode.c.objc; path = MWZoomingScrollView.m; sourceTree = "<group>"; };
		57468CDC15F0889C0084311E /* RTPhoto.h */ = {isa = PBXFileReference; fileEncoding = 4; lastKnownFileType = sourcecode.c.h; path = RTPhoto.h; sourceTree = "<group>"; };
		57468CDD15F0889C0084311E /* RTPhoto.m */ = {isa = PBXFileReference; fileEncoding = 4; lastKnownFileType = sourcecode.c.objc; path = RTPhoto.m; sourceTree = "<group>"; };
		5755E35C1675A000008A895A /* CustomBadge.m */ = {isa = PBXFileReference; fileEncoding = 4; lastKnownFileType = sourcecode.c.objc; path = CustomBadge.m; sourceTree = "<group>"; };
		5755E35D1675A000008A895A /* CustomBadge.h */ = {isa = PBXFileReference; fileEncoding = 4; lastKnownFileType = sourcecode.c.h; path = CustomBadge.h; sourceTree = "<group>"; };
		5787C96415ABF469001DC499 /* MBProgressHUD.h */ = {isa = PBXFileReference; fileEncoding = 4; lastKnownFileType = sourcecode.c.h; path = MBProgressHUD.h; sourceTree = "<group>"; };
		5787C96515ABF469001DC499 /* MBProgressHUD.m */ = {isa = PBXFileReference; fileEncoding = 4; lastKnownFileType = sourcecode.c.objc; path = MBProgressHUD.m; sourceTree = "<group>"; };
		5787C96D15ABF4A2001DC499 /* EGORefreshTableHeaderView.h */ = {isa = PBXFileReference; fileEncoding = 4; lastKnownFileType = sourcecode.c.h; name = EGORefreshTableHeaderView.h; path = Classes/View/EGORefreshTableHeaderView.h; sourceTree = "<group>"; };
		5787C96E15ABF4A2001DC499 /* EGORefreshTableHeaderView.m */ = {isa = PBXFileReference; fileEncoding = 4; lastKnownFileType = sourcecode.c.objc; name = EGORefreshTableHeaderView.m; path = Classes/View/EGORefreshTableHeaderView.m; sourceTree = "<group>"; };
		5787C97015ABF4A2001DC499 /* blackArrow.png */ = {isa = PBXFileReference; lastKnownFileType = image.png; path = blackArrow.png; sourceTree = "<group>"; };
		5787C97115ABF4A2001DC499 /* blackArrow@2x.png */ = {isa = PBXFileReference; lastKnownFileType = image.png; path = "blackArrow@2x.png"; sourceTree = "<group>"; };
		5787C97215ABF4A2001DC499 /* blueArrow.png */ = {isa = PBXFileReference; lastKnownFileType = image.png; path = blueArrow.png; sourceTree = "<group>"; };
		5787C97315ABF4A2001DC499 /* blueArrow@2x.png */ = {isa = PBXFileReference; lastKnownFileType = image.png; path = "blueArrow@2x.png"; sourceTree = "<group>"; };
		5787C97415ABF4A2001DC499 /* grayArrow.png */ = {isa = PBXFileReference; lastKnownFileType = image.png; path = grayArrow.png; sourceTree = "<group>"; };
		5787C97515ABF4A2001DC499 /* grayArrow@2x.png */ = {isa = PBXFileReference; lastKnownFileType = image.png; path = "grayArrow@2x.png"; sourceTree = "<group>"; };
		5787C97615ABF4A2001DC499 /* whiteArrow.png */ = {isa = PBXFileReference; lastKnownFileType = image.png; path = whiteArrow.png; sourceTree = "<group>"; };
		5787C97715ABF4A2001DC499 /* whiteArrow@2x.png */ = {isa = PBXFileReference; lastKnownFileType = image.png; path = "whiteArrow@2x.png"; sourceTree = "<group>"; };
		578B301915C7CC280025D636 /* IndexScrollController.h */ = {isa = PBXFileReference; fileEncoding = 4; lastKnownFileType = sourcecode.c.h; path = IndexScrollController.h; sourceTree = "<group>"; };
		578B301A15C7CC280025D636 /* IndexScrollController.m */ = {isa = PBXFileReference; fileEncoding = 4; lastKnownFileType = sourcecode.c.objc; path = IndexScrollController.m; sourceTree = "<group>"; };
		578B301B15C7CC280025D636 /* IndexScrollView.h */ = {isa = PBXFileReference; fileEncoding = 4; lastKnownFileType = sourcecode.c.h; path = IndexScrollView.h; sourceTree = "<group>"; };
		578B301C15C7CC280025D636 /* IndexScrollView.m */ = {isa = PBXFileReference; fileEncoding = 4; lastKnownFileType = sourcecode.c.objc; path = IndexScrollView.m; sourceTree = "<group>"; };
		578B312B15CA4F8F0025D636 /* JWFolders.h */ = {isa = PBXFileReference; fileEncoding = 4; lastKnownFileType = sourcecode.c.h; path = JWFolders.h; sourceTree = "<group>"; };
		578B312C15CA4F8F0025D636 /* JWFolders.m */ = {isa = PBXFileReference; fileEncoding = 4; lastKnownFileType = sourcecode.c.objc; path = JWFolders.m; sourceTree = "<group>"; };
		578B313B15CA6EE20025D636 /* JWFolderDemo */ = {isa = PBXFileReference; fileEncoding = 4; lastKnownFileType = text; path = JWFolderDemo; sourceTree = "<group>"; };
		57AB63491663094A00770E3F /* WebImageView.h */ = {isa = PBXFileReference; fileEncoding = 4; lastKnownFileType = sourcecode.c.h; path = WebImageView.h; sourceTree = "<group>"; };
		57AB634A1663094A00770E3F /* WebImageView.m */ = {isa = PBXFileReference; fileEncoding = 4; lastKnownFileType = sourcecode.c.objc; path = WebImageView.m; sourceTree = "<group>"; };
		57E39322159849C100F0D0FB /* libUIComponent.a */ = {isa = PBXFileReference; explicitFileType = archive.ar; includeInIndex = 0; path = libUIComponent.a; sourceTree = BUILT_PRODUCTS_DIR; };
		57E39325159849C100F0D0FB /* Foundation.framework */ = {isa = PBXFileReference; lastKnownFileType = wrapper.framework; name = Foundation.framework; path = System/Library/Frameworks/Foundation.framework; sourceTree = SDKROOT; };
		57E39329159849C100F0D0FB /* UIComponent-Prefix.pch */ = {isa = PBXFileReference; lastKnownFileType = sourcecode.c.h; path = "UIComponent-Prefix.pch"; sourceTree = "<group>"; };
		57E3932A159849C100F0D0FB /* UIComponent.h */ = {isa = PBXFileReference; lastKnownFileType = sourcecode.c.h; path = UIComponent.h; sourceTree = "<group>"; };
		57E4F3AE15DDCE2D000C3E17 /* RTButtonSegmentControl.h */ = {isa = PBXFileReference; fileEncoding = 4; lastKnownFileType = sourcecode.c.h; path = RTButtonSegmentControl.h; sourceTree = "<group>"; };
		57E4F3AF15DDCE2D000C3E17 /* RTButtonSegmentControl.m */ = {isa = PBXFileReference; fileEncoding = 4; lastKnownFileType = sourcecode.c.objc; path = RTButtonSegmentControl.m; sourceTree = "<group>"; };
		57F56994165F722800458FD5 /* UIBarButtonItem+WEPopover.h */ = {isa = PBXFileReference; fileEncoding = 4; lastKnownFileType = sourcecode.c.h; path = "UIBarButtonItem+WEPopover.h"; sourceTree = "<group>"; };
		57F56995165F722800458FD5 /* UIBarButtonItem+WEPopover.m */ = {isa = PBXFileReference; fileEncoding = 4; lastKnownFileType = sourcecode.c.objc; path = "UIBarButtonItem+WEPopover.m"; sourceTree = "<group>"; };
		57F56996165F722800458FD5 /* WEPopoverContainerView.h */ = {isa = PBXFileReference; fileEncoding = 4; lastKnownFileType = sourcecode.c.h; path = WEPopoverContainerView.h; sourceTree = "<group>"; };
		57F56997165F722800458FD5 /* WEPopoverContainerView.m */ = {isa = PBXFileReference; fileEncoding = 4; lastKnownFileType = sourcecode.c.objc; path = WEPopoverContainerView.m; sourceTree = "<group>"; };
		57F56998165F722800458FD5 /* WEPopoverController.h */ = {isa = PBXFileReference; fileEncoding = 4; lastKnownFileType = sourcecode.c.h; path = WEPopoverController.h; sourceTree = "<group>"; };
		57F56999165F722800458FD5 /* WEPopoverController.m */ = {isa = PBXFileReference; fileEncoding = 4; lastKnownFileType = sourcecode.c.objc; path = WEPopoverController.m; sourceTree = "<group>"; };
		57F5699A165F722800458FD5 /* WEPopoverParentView.h */ = {isa = PBXFileReference; fileEncoding = 4; lastKnownFileType = sourcecode.c.h; path = WEPopoverParentView.h; sourceTree = "<group>"; };
		57F5699B165F722800458FD5 /* WETouchableView.h */ = {isa = PBXFileReference; fileEncoding = 4; lastKnownFileType = sourcecode.c.h; path = WETouchableView.h; sourceTree = "<group>"; };
		57F5699C165F722800458FD5 /* WETouchableView.m */ = {isa = PBXFileReference; fileEncoding = 4; lastKnownFileType = sourcecode.c.objc; path = WETouchableView.m; sourceTree = "<group>"; };
/* End PBXFileReference section */

/* Begin PBXFrameworksBuildPhase section */
		57E3931F159849C100F0D0FB /* Frameworks */ = {
			isa = PBXFrameworksBuildPhase;
			buildActionMask = 2147483647;
			files = (
				57E39326159849C100F0D0FB /* Foundation.framework in Frameworks */,
			);
			runOnlyForDeploymentPostprocessing = 0;
		};
/* End PBXFrameworksBuildPhase section */

/* Begin PBXGroup section */
		5721507115B7DAE200F2D170 /* UIViewScreenShot */ = {
			isa = PBXGroup;
			children = (
				5721507315B7DAF400F2D170 /* UIScreen+Scale.h */,
				5721507415B7DAF400F2D170 /* UIScreen+Scale.m */,
				5721507515B7DAF400F2D170 /* UIView+Screenshot.h */,
				5721507615B7DAF400F2D170 /* UIView+Screenshot.m */,
			);
			name = UIViewScreenShot;
			sourceTree = "<group>";
		};
		5731D45415AE9189000AEB1D /* Category */ = {
			isa = PBXGroup;
			children = (
				5721507115B7DAE200F2D170 /* UIViewScreenShot */,
				5731D45615AE9193000AEB1D /* UIImage */,
			);
			name = Category;
			sourceTree = "<group>";
		};
		5731D45615AE9193000AEB1D /* UIImage */ = {
			isa = PBXGroup;
			children = (
				5731D46315AE92DB000AEB1D /* UIImage+Alpha.h */,
				5731D46415AE92DB000AEB1D /* UIImage+Alpha.m */,
				5731D46515AE92DB000AEB1D /* UIImage+Resize.h */,
				5731D46615AE92DB000AEB1D /* UIImage+Resize.m */,
				5731D46715AE92DB000AEB1D /* UIImage+RoundedCorner.h */,
				5731D46815AE92DB000AEB1D /* UIImage+RoundedCorner.m */,
			);
			name = UIImage;
			sourceTree = "<group>";
		};
		5755E35816758ADB008A895A /* CustomBadge */ = {
			isa = PBXGroup;
			children = (
				5755E35C1675A000008A895A /* CustomBadge.m */,
				5755E35D1675A000008A895A /* CustomBadge.h */,
			);
			name = CustomBadge;
			sourceTree = "<group>";
		};
		5787C90415AABDBA001DC499 /* UIComponent */ = {
			isa = PBXGroup;
			children = (
				5755E35816758ADB008A895A /* CustomBadge */,
				57AB63471663092400770E3F /* WebImageView */,
				57F56992165F71B700458FD5 /* PopoverController */,
				57E4F3AC15DDCD7E000C3E17 /* RTButtonSegment */,
				578B312A15CA4F8E0025D636 /* JWFolders */,
				5787C96A15ABF4A2001DC499 /* EGOTableViewPullRefresh */,
				5787C96915ABF46D001DC499 /* MBProgressHUD */,
				5787C93715AABFD0001DC499 /* RTPhotoScroll */,
				578B301715C7CC0F0025D636 /* IndexScrollController */,
			);
			name = UIComponent;
			sourceTree = "<group>";
		};
		5787C93715AABFD0001DC499 /* RTPhotoScroll */ = {
			isa = PBXGroup;
			children = (
				57468CDC15F0889C0084311E /* RTPhoto.h */,
				57468CDD15F0889C0084311E /* RTPhoto.m */,
				57468CCC15F057840084311E /* RTPhotoScrollView.h */,
				57468CCD15F057840084311E /* RTPhotoScrollView.m */,
				57468CC715F056450084311E /* MWPhotoBrowser.h */,
				57468CC815F056450084311E /* MWPhotoBrowser.m */,
				5787C95015AAC008001DC499 /* MWScroll */,
			);
			name = RTPhotoScroll;
			sourceTree = "<group>";
		};
		5787C95015AAC008001DC499 /* MWScroll */ = {
			isa = PBXGroup;
			children = (
				57468CD015F05B930084311E /* MWTapDetectingImageView.h */,
				57468CD115F05B930084311E /* MWTapDetectingImageView.m */,
				57468CD215F05B930084311E /* MWTapDetectingView.h */,
				57468CD315F05B930084311E /* MWTapDetectingView.m */,
				57468CD415F05B930084311E /* MWZoomingScrollView.h */,
				57468CD515F05B930084311E /* MWZoomingScrollView.m */,
			);
			name = MWScroll;
			sourceTree = "<group>";
		};
		5787C96915ABF46D001DC499 /* MBProgressHUD */ = {
			isa = PBXGroup;
			children = (
				5787C96415ABF469001DC499 /* MBProgressHUD.h */,
				5787C96515ABF469001DC499 /* MBProgressHUD.m */,
			);
			name = MBProgressHUD;
			sourceTree = "<group>";
		};
		5787C96A15ABF4A2001DC499 /* EGOTableViewPullRefresh */ = {
			isa = PBXGroup;
			children = (
				5787C96D15ABF4A2001DC499 /* EGORefreshTableHeaderView.h */,
				5787C96E15ABF4A2001DC499 /* EGORefreshTableHeaderView.m */,
				5787C96F15ABF4A2001DC499 /* Resources */,
			);
			path = EGOTableViewPullRefresh;
			sourceTree = "<group>";
		};
		5787C96F15ABF4A2001DC499 /* Resources */ = {
			isa = PBXGroup;
			children = (
				5787C97015ABF4A2001DC499 /* blackArrow.png */,
				5787C97115ABF4A2001DC499 /* blackArrow@2x.png */,
				5787C97215ABF4A2001DC499 /* blueArrow.png */,
				5787C97315ABF4A2001DC499 /* blueArrow@2x.png */,
				5787C97415ABF4A2001DC499 /* grayArrow.png */,
				5787C97515ABF4A2001DC499 /* grayArrow@2x.png */,
				5787C97615ABF4A2001DC499 /* whiteArrow.png */,
				5787C97715ABF4A2001DC499 /* whiteArrow@2x.png */,
			);
			path = Resources;
			sourceTree = "<group>";
		};
		578B301715C7CC0F0025D636 /* IndexScrollController */ = {
			isa = PBXGroup;
			children = (
				578B301915C7CC280025D636 /* IndexScrollController.h */,
				578B301A15C7CC280025D636 /* IndexScrollController.m */,
				578B301B15C7CC280025D636 /* IndexScrollView.h */,
				578B301C15C7CC280025D636 /* IndexScrollView.m */,
			);
			name = IndexScrollController;
			sourceTree = "<group>";
		};
		578B312A15CA4F8E0025D636 /* JWFolders */ = {
			isa = PBXGroup;
			children = (
				578B312B15CA4F8F0025D636 /* JWFolders.h */,
				578B312C15CA4F8F0025D636 /* JWFolders.m */,
				578B313B15CA6EE20025D636 /* JWFolderDemo */,
			);
			path = JWFolders;
			sourceTree = "<group>";
		};
		57AB63471663092400770E3F /* WebImageView */ = {
			isa = PBXGroup;
			children = (
				57AB63491663094A00770E3F /* WebImageView.h */,
				57AB634A1663094A00770E3F /* WebImageView.m */,
			);
			name = WebImageView;
			sourceTree = "<group>";
		};
		57E39317159849C100F0D0FB = {
			isa = PBXGroup;
			children = (
				57E39327159849C100F0D0FB /* UIComponent */,
				57E39324159849C100F0D0FB /* Frameworks */,
				57E39323159849C100F0D0FB /* Products */,
			);
			sourceTree = "<group>";
		};
		57E39323159849C100F0D0FB /* Products */ = {
			isa = PBXGroup;
			children = (
				57E39322159849C100F0D0FB /* libUIComponent.a */,
			);
			name = Products;
			sourceTree = "<group>";
		};
		57E39324159849C100F0D0FB /* Frameworks */ = {
			isa = PBXGroup;
			children = (
				57E39325159849C100F0D0FB /* Foundation.framework */,
			);
			name = Frameworks;
			sourceTree = "<group>";
		};
		57E39327159849C100F0D0FB /* UIComponent */ = {
			isa = PBXGroup;
			children = (
				5731D45415AE9189000AEB1D /* Category */,
				5787C90415AABDBA001DC499 /* UIComponent */,
				57E3932A159849C100F0D0FB /* UIComponent.h */,
				57E39328159849C100F0D0FB /* Supporting Files */,
			);
			path = UIComponent;
			sourceTree = "<group>";
		};
		57E39328159849C100F0D0FB /* Supporting Files */ = {
			isa = PBXGroup;
			children = (
				57E39329159849C100F0D0FB /* UIComponent-Prefix.pch */,
			);
			name = "Supporting Files";
			sourceTree = "<group>";
		};
		57E4F3AC15DDCD7E000C3E17 /* RTButtonSegment */ = {
			isa = PBXGroup;
			children = (
				57E4F3AE15DDCE2D000C3E17 /* RTButtonSegmentControl.h */,
				57E4F3AF15DDCE2D000C3E17 /* RTButtonSegmentControl.m */,
			);
			name = RTButtonSegment;
			sourceTree = "<group>";
		};
		57F56992165F71B700458FD5 /* PopoverController */ = {
			isa = PBXGroup;
			children = (
				57F56994165F722800458FD5 /* UIBarButtonItem+WEPopover.h */,
				57F56995165F722800458FD5 /* UIBarButtonItem+WEPopover.m */,
				57F56996165F722800458FD5 /* WEPopoverContainerView.h */,
				57F56997165F722800458FD5 /* WEPopoverContainerView.m */,
				57F56998165F722800458FD5 /* WEPopoverController.h */,
				57F56999165F722800458FD5 /* WEPopoverController.m */,
				57F5699A165F722800458FD5 /* WEPopoverParentView.h */,
				57F5699B165F722800458FD5 /* WETouchableView.h */,
				57F5699C165F722800458FD5 /* WETouchableView.m */,
			);
			name = PopoverController;
			sourceTree = "<group>";
		};
/* End PBXGroup section */

/* Begin PBXHeadersBuildPhase section */
		57E39320159849C100F0D0FB /* Headers */ = {
			isa = PBXHeadersBuildPhase;
			buildActionMask = 2147483647;
			files = (
				5787C96615ABF46A001DC499 /* MBProgressHUD.h in Headers */,
				5787C97815ABF4A2001DC499 /* EGORefreshTableHeaderView.h in Headers */,
				5731D46915AE92DB000AEB1D /* UIImage+Alpha.h in Headers */,
				5731D46B15AE92DB000AEB1D /* UIImage+Resize.h in Headers */,
				5731D46D15AE92DB000AEB1D /* UIImage+RoundedCorner.h in Headers */,
				5721507715B7DAF400F2D170 /* UIScreen+Scale.h in Headers */,
				5721507915B7DAF400F2D170 /* UIView+Screenshot.h in Headers */,
				578B301D15C7CC280025D636 /* IndexScrollController.h in Headers */,
				578B301F15C7CC280025D636 /* IndexScrollView.h in Headers */,
				578B313115CA4F8F0025D636 /* JWFolders.h in Headers */,
				57E4F3B015DDCE2D000C3E17 /* RTButtonSegmentControl.h in Headers */,
				57468CC915F056450084311E /* MWPhotoBrowser.h in Headers */,
				57468CCE15F057850084311E /* RTPhotoScrollView.h in Headers */,
				57468CD615F05B930084311E /* MWTapDetectingImageView.h in Headers */,
				57468CD815F05B930084311E /* MWTapDetectingView.h in Headers */,
				57468CDA15F05B930084311E /* MWZoomingScrollView.h in Headers */,
				57468CDE15F0889D0084311E /* RTPhoto.h in Headers */,
				57F5699D165F722800458FD5 /* UIBarButtonItem+WEPopover.h in Headers */,
				57F5699F165F722900458FD5 /* WEPopoverContainerView.h in Headers */,
				57F569A1165F722900458FD5 /* WEPopoverController.h in Headers */,
				57F569A3165F722900458FD5 /* WEPopoverParentView.h in Headers */,
				57F569A4165F722900458FD5 /* WETouchableView.h in Headers */,
				57AB634B1663094A00770E3F /* WebImageView.h in Headers */,
				5755E35F1675A000008A895A /* CustomBadge.h in Headers */,
			);
			runOnlyForDeploymentPostprocessing = 0;
		};
/* End PBXHeadersBuildPhase section */

/* Begin PBXNativeTarget section */
		57E39321159849C100F0D0FB /* UIComponent */ = {
			isa = PBXNativeTarget;
			buildConfigurationList = 57E3932F159849C100F0D0FB /* Build configuration list for PBXNativeTarget "UIComponent" */;
			buildPhases = (
				57E3931E159849C100F0D0FB /* Sources */,
				57E3931F159849C100F0D0FB /* Frameworks */,
				57E39320159849C100F0D0FB /* Headers */,
			);
			buildRules = (
			);
			dependencies = (
			);
			name = UIComponent;
			productName = UIComponent;
			productReference = 57E39322159849C100F0D0FB /* libUIComponent.a */;
			productType = "com.apple.product-type.library.static";
		};
/* End PBXNativeTarget section */

/* Begin PBXProject section */
		57E39319159849C100F0D0FB /* Project object */ = {
			isa = PBXProject;
			attributes = {
				LastUpgradeCheck = 0430;
				ORGANIZATIONNAME = anjuke;
			};
			buildConfigurationList = 57E3931C159849C100F0D0FB /* Build configuration list for PBXProject "UIComponent" */;
			compatibilityVersion = "Xcode 3.2";
			developmentRegion = English;
			hasScannedForEncodings = 0;
			knownRegions = (
				en,
			);
			mainGroup = 57E39317159849C100F0D0FB;
			productRefGroup = 57E39323159849C100F0D0FB /* Products */;
			projectDirPath = "";
			projectRoot = "";
			targets = (
				57E39321159849C100F0D0FB /* UIComponent */,
			);
		};
/* End PBXProject section */

/* Begin PBXSourcesBuildPhase section */
		57E3931E159849C100F0D0FB /* Sources */ = {
			isa = PBXSourcesBuildPhase;
			buildActionMask = 2147483647;
			files = (
				5787C96715ABF46A001DC499 /* MBProgressHUD.m in Sources */,
				5787C97915ABF4A2001DC499 /* EGORefreshTableHeaderView.m in Sources */,
				5731D46A15AE92DB000AEB1D /* UIImage+Alpha.m in Sources */,
				5731D46C15AE92DB000AEB1D /* UIImage+Resize.m in Sources */,
				5731D46E15AE92DB000AEB1D /* UIImage+RoundedCorner.m in Sources */,
				5721507815B7DAF400F2D170 /* UIScreen+Scale.m in Sources */,
				5721507A15B7DAF400F2D170 /* UIView+Screenshot.m in Sources */,
				578B301E15C7CC280025D636 /* IndexScrollController.m in Sources */,
				578B302015C7CC280025D636 /* IndexScrollView.m in Sources */,
				578B313215CA4F900025D636 /* JWFolders.m in Sources */,
				57E4F3B115DDCE2D000C3E17 /* RTButtonSegmentControl.m in Sources */,
				57468CCA15F056450084311E /* MWPhotoBrowser.m in Sources */,
				57468CCF15F057850084311E /* RTPhotoScrollView.m in Sources */,
				57468CD715F05B930084311E /* MWTapDetectingImageView.m in Sources */,
				57468CD915F05B930084311E /* MWTapDetectingView.m in Sources */,
				57468CDB15F05B930084311E /* MWZoomingScrollView.m in Sources */,
				57468CDF15F0889D0084311E /* RTPhoto.m in Sources */,
				57F5699E165F722900458FD5 /* UIBarButtonItem+WEPopover.m in Sources */,
				57F569A0165F722900458FD5 /* WEPopoverContainerView.m in Sources */,
				57F569A2165F722900458FD5 /* WEPopoverController.m in Sources */,
				57F569A5165F722900458FD5 /* WETouchableView.m in Sources */,
				57AB634C1663094A00770E3F /* WebImageView.m in Sources */,
				5755E35E1675A000008A895A /* CustomBadge.m in Sources */,
			);
			runOnlyForDeploymentPostprocessing = 0;
		};
/* End PBXSourcesBuildPhase section */

/* Begin XCBuildConfiguration section */
		57E3932D159849C100F0D0FB /* Debug */ = {
			isa = XCBuildConfiguration;
			buildSettings = {
				ALWAYS_SEARCH_USER_PATHS = NO;
				ARCHS = "$(ARCHS_STANDARD_32_BIT)";
				COPY_PHASE_STRIP = NO;
				GCC_C_LANGUAGE_STANDARD = gnu99;
				GCC_DYNAMIC_NO_PIC = NO;
				GCC_OPTIMIZATION_LEVEL = 0;
				GCC_PREPROCESSOR_DEFINITIONS = (
					"DEBUG=1",
					"$(inherited)",
				);
				GCC_SYMBOLS_PRIVATE_EXTERN = NO;
				GCC_VERSION = com.apple.compilers.llvm.clang.1_0;
				GCC_WARN_ABOUT_RETURN_TYPE = YES;
				GCC_WARN_UNINITIALIZED_AUTOS = YES;
				GCC_WARN_UNUSED_VARIABLE = YES;
				IPHONEOS_DEPLOYMENT_TARGET = 5.1;
				SDKROOT = iphoneos;
			};
			name = Debug;
		};
		57E3932E159849C100F0D0FB /* Release */ = {
			isa = XCBuildConfiguration;
			buildSettings = {
				ALWAYS_SEARCH_USER_PATHS = NO;
				ARCHS = "$(ARCHS_STANDARD_32_BIT)";
				COPY_PHASE_STRIP = YES;
				GCC_C_LANGUAGE_STANDARD = gnu99;
				GCC_VERSION = com.apple.compilers.llvm.clang.1_0;
				GCC_WARN_ABOUT_RETURN_TYPE = YES;
				GCC_WARN_UNINITIALIZED_AUTOS = YES;
				GCC_WARN_UNUSED_VARIABLE = YES;
				IPHONEOS_DEPLOYMENT_TARGET = 5.1;
				SDKROOT = iphoneos;
				VALIDATE_PRODUCT = YES;
			};
			name = Release;
		};
		57E39330159849C100F0D0FB /* Debug */ = {
			isa = XCBuildConfiguration;
			buildSettings = {
				ARCHS = "$(ARCHS_STANDARD_32_BIT)";
				DSTROOT = /tmp/UIComponent.dst;
				GCC_PRECOMPILE_PREFIX_HEADER = YES;
				GCC_PREFIX_HEADER = "UIComponent/UIComponent-Prefix.pch";
				LIBRARY_SEARCH_PATHS = (
					"$(inherited)",
					"\"$(SRCROOT)/UIComponent\"",
				);
				OTHER_LDFLAGS = "-ObjC";
				PRODUCT_NAME = "$(TARGET_NAME)";
				SKIP_INSTALL = YES;
				USER_HEADER_SEARCH_PATHS = "$(PROJECT_DIR)/../RTApiProxy/**";
			};
			name = Debug;
		};
		57E39331159849C100F0D0FB /* Release */ = {
			isa = XCBuildConfiguration;
			buildSettings = {
				ARCHS = "$(ARCHS_STANDARD_32_BIT)";
				DSTROOT = /tmp/UIComponent.dst;
				GCC_PRECOMPILE_PREFIX_HEADER = YES;
				GCC_PREFIX_HEADER = "UIComponent/UIComponent-Prefix.pch";
				LIBRARY_SEARCH_PATHS = (
					"$(inherited)",
					"\"$(SRCROOT)/UIComponent\"",
				);
				OTHER_LDFLAGS = "-ObjC";
				PRODUCT_NAME = "$(TARGET_NAME)";
				SKIP_INSTALL = YES;
				USER_HEADER_SEARCH_PATHS = "$(PROJECT_DIR)/../RTApiProxy/**";
			};
			name = Release;
		};
/* End XCBuildConfiguration section */

/* Begin XCConfigurationList section */
		57E3931C159849C100F0D0FB /* Build configuration list for PBXProject "UIComponent" */ = {
			isa = XCConfigurationList;
			buildConfigurations = (
				57E3932D159849C100F0D0FB /* Debug */,
				57E3932E159849C100F0D0FB /* Release */,
			);
			defaultConfigurationIsVisible = 0;
			defaultConfigurationName = Release;
		};
		57E3932F159849C100F0D0FB /* Build configuration list for PBXNativeTarget "UIComponent" */ = {
			isa = XCConfigurationList;
			buildConfigurations = (
				57E39330159849C100F0D0FB /* Debug */,
				57E39331159849C100F0D0FB /* Release */,
			);
			defaultConfigurationIsVisible = 0;
			defaultConfigurationName = Release;
		};
/* End XCConfigurationList section */
	};
	rootObject = 57E39319159849C100F0D0FB /* Project object */;
}
