// !$*UTF8*$!
{
	archiveVersion = 1;
	classes = {
	};
	objectVersion = 46;
	objects = {

/* Begin PBXBuildFile section */
		578170E616D5C9AF00FA6E45 /* UINavigationController+LegacyRotation.h in Headers */ = {isa = PBXBuildFile; fileRef = 578170E016D5C9AF00FA6E45 /* UINavigationController+LegacyRotation.h */; };
		578170E716D5C9AF00FA6E45 /* UINavigationController+LegacyRotation.m in Sources */ = {isa = PBXBuildFile; fileRef = 578170E116D5C9AF00FA6E45 /* UINavigationController+LegacyRotation.m */; };
		578170E816D5C9AF00FA6E45 /* UITabBarController+LegacyRotation.h in Headers */ = {isa = PBXBuildFile; fileRef = 578170E216D5C9AF00FA6E45 /* UITabBarController+LegacyRotation.h */; };
		578170E916D5C9AF00FA6E45 /* UITabBarController+LegacyRotation.m in Sources */ = {isa = PBXBuildFile; fileRef = 578170E316D5C9AF00FA6E45 /* UITabBarController+LegacyRotation.m */; };
		578170EA16D5C9AF00FA6E45 /* UIViewController+LegacyRotation.h in Headers */ = {isa = PBXBuildFile; fileRef = 578170E416D5C9AF00FA6E45 /* UIViewController+LegacyRotation.h */; };
		578170EB16D5C9AF00FA6E45 /* UIViewController+LegacyRotation.m in Sources */ = {isa = PBXBuildFile; fileRef = 578170E516D5C9AF00FA6E45 /* UIViewController+LegacyRotation.m */; };
		57A20F3A16784CBC00FADD75 /* IndexScrollController.h in Headers */ = {isa = PBXBuildFile; fileRef = 57A20EEE16784CBC00FADD75 /* IndexScrollController.h */; };
		57A20F3B16784CBC00FADD75 /* IndexScrollController.m in Sources */ = {isa = PBXBuildFile; fileRef = 57A20EEF16784CBC00FADD75 /* IndexScrollController.m */; };
		57A20F3C16784CBC00FADD75 /* IndexScrollView.h in Headers */ = {isa = PBXBuildFile; fileRef = 57A20EF016784CBC00FADD75 /* IndexScrollView.h */; };
		57A20F3D16784CBC00FADD75 /* IndexScrollView.m in Sources */ = {isa = PBXBuildFile; fileRef = 57A20EF116784CBC00FADD75 /* IndexScrollView.m */; };
		57A20F3E16784CBC00FADD75 /* MWPhotoBrowser.h in Headers */ = {isa = PBXBuildFile; fileRef = 57A20EF316784CBC00FADD75 /* MWPhotoBrowser.h */; };
		57A20F3F16784CBC00FADD75 /* MWPhotoBrowser.m in Sources */ = {isa = PBXBuildFile; fileRef = 57A20EF416784CBC00FADD75 /* MWPhotoBrowser.m */; };
		57A20F4016784CBC00FADD75 /* MWTapDetectingImageView.h in Headers */ = {isa = PBXBuildFile; fileRef = 57A20EF516784CBC00FADD75 /* MWTapDetectingImageView.h */; };
		57A20F4116784CBC00FADD75 /* MWTapDetectingImageView.m in Sources */ = {isa = PBXBuildFile; fileRef = 57A20EF616784CBC00FADD75 /* MWTapDetectingImageView.m */; };
		57A20F4216784CBC00FADD75 /* MWTapDetectingView.h in Headers */ = {isa = PBXBuildFile; fileRef = 57A20EF716784CBC00FADD75 /* MWTapDetectingView.h */; };
		57A20F4316784CBC00FADD75 /* MWTapDetectingView.m in Sources */ = {isa = PBXBuildFile; fileRef = 57A20EF816784CBC00FADD75 /* MWTapDetectingView.m */; };
		57A20F4416784CBC00FADD75 /* MWZoomingScrollView.h in Headers */ = {isa = PBXBuildFile; fileRef = 57A20EF916784CBC00FADD75 /* MWZoomingScrollView.h */; };
		57A20F4516784CBC00FADD75 /* MWZoomingScrollView.m in Sources */ = {isa = PBXBuildFile; fileRef = 57A20EFA16784CBC00FADD75 /* MWZoomingScrollView.m */; };
		57A20F4616784CBC00FADD75 /* RTPhoto.h in Headers */ = {isa = PBXBuildFile; fileRef = 57A20EFB16784CBC00FADD75 /* RTPhoto.h */; };
		57A20F4716784CBC00FADD75 /* RTPhoto.m in Sources */ = {isa = PBXBuildFile; fileRef = 57A20EFC16784CBC00FADD75 /* RTPhoto.m */; };
		57A20F4816784CBC00FADD75 /* RTPhotoScrollView.h in Headers */ = {isa = PBXBuildFile; fileRef = 57A20EFD16784CBC00FADD75 /* RTPhotoScrollView.h */; };
		57A20F4916784CBC00FADD75 /* RTPhotoScrollView.m in Sources */ = {isa = PBXBuildFile; fileRef = 57A20EFE16784CBC00FADD75 /* RTPhotoScrollView.m */; };
		57A20F4A16784CBC00FADD75 /* MBProgressHUD.h in Headers */ = {isa = PBXBuildFile; fileRef = 57A20F0016784CBC00FADD75 /* MBProgressHUD.h */; };
		57A20F4B16784CBC00FADD75 /* MBProgressHUD.m in Sources */ = {isa = PBXBuildFile; fileRef = 57A20F0116784CBC00FADD75 /* MBProgressHUD.m */; };
		57A20F4C16784CBC00FADD75 /* UIBarButtonItem+WEPopover.h in Headers */ = {isa = PBXBuildFile; fileRef = 57A20F0316784CBC00FADD75 /* UIBarButtonItem+WEPopover.h */; };
		57A20F4D16784CBC00FADD75 /* UIBarButtonItem+WEPopover.m in Sources */ = {isa = PBXBuildFile; fileRef = 57A20F0416784CBC00FADD75 /* UIBarButtonItem+WEPopover.m */; };
		57A20F4E16784CBC00FADD75 /* WEPopoverContainerView.h in Headers */ = {isa = PBXBuildFile; fileRef = 57A20F0516784CBC00FADD75 /* WEPopoverContainerView.h */; };
		57A20F4F16784CBC00FADD75 /* WEPopoverContainerView.m in Sources */ = {isa = PBXBuildFile; fileRef = 57A20F0616784CBC00FADD75 /* WEPopoverContainerView.m */; };
		57A20F5016784CBC00FADD75 /* WEPopoverController.h in Headers */ = {isa = PBXBuildFile; fileRef = 57A20F0716784CBC00FADD75 /* WEPopoverController.h */; };
		57A20F5116784CBC00FADD75 /* WEPopoverController.m in Sources */ = {isa = PBXBuildFile; fileRef = 57A20F0816784CBC00FADD75 /* WEPopoverController.m */; };
		57A20F5216784CBC00FADD75 /* WEPopoverParentView.h in Headers */ = {isa = PBXBuildFile; fileRef = 57A20F0916784CBC00FADD75 /* WEPopoverParentView.h */; };
		57A20F5316784CBC00FADD75 /* WETouchableView.h in Headers */ = {isa = PBXBuildFile; fileRef = 57A20F0A16784CBC00FADD75 /* WETouchableView.h */; };
		57A20F5416784CBC00FADD75 /* WETouchableView.m in Sources */ = {isa = PBXBuildFile; fileRef = 57A20F0B16784CBC00FADD75 /* WETouchableView.m */; };
		57A20F5516784CBC00FADD75 /* WebImageView.h in Headers */ = {isa = PBXBuildFile; fileRef = 57A20F0D16784CBC00FADD75 /* WebImageView.h */; };
		57A20F5616784CBC00FADD75 /* WebImageView.m in Sources */ = {isa = PBXBuildFile; fileRef = 57A20F0E16784CBC00FADD75 /* WebImageView.m */; };
		57A20F5716784CBC00FADD75 /* UIScreen+Scale.h in Headers */ = {isa = PBXBuildFile; fileRef = 57A20F1016784CBC00FADD75 /* UIScreen+Scale.h */; };
		57A20F5816784CBC00FADD75 /* UIScreen+Scale.m in Sources */ = {isa = PBXBuildFile; fileRef = 57A20F1116784CBC00FADD75 /* UIScreen+Scale.m */; };
		57A20F5916784CBC00FADD75 /* UIView+Screenshot.h in Headers */ = {isa = PBXBuildFile; fileRef = 57A20F1216784CBC00FADD75 /* UIView+Screenshot.h */; };
		57A20F5A16784CBC00FADD75 /* UIView+Screenshot.m in Sources */ = {isa = PBXBuildFile; fileRef = 57A20F1316784CBC00FADD75 /* UIView+Screenshot.m */; };
		57A20F5B16784CBC00FADD75 /* UIImage+Alpha.h in Headers */ = {isa = PBXBuildFile; fileRef = 57A20F1516784CBC00FADD75 /* UIImage+Alpha.h */; };
		57A20F5C16784CBC00FADD75 /* UIImage+Alpha.m in Sources */ = {isa = PBXBuildFile; fileRef = 57A20F1616784CBC00FADD75 /* UIImage+Alpha.m */; };
		57A20F5D16784CBC00FADD75 /* UIImage+Resize.h in Headers */ = {isa = PBXBuildFile; fileRef = 57A20F1716784CBC00FADD75 /* UIImage+Resize.h */; };
		57A20F5E16784CBC00FADD75 /* UIImage+Resize.m in Sources */ = {isa = PBXBuildFile; fileRef = 57A20F1816784CBC00FADD75 /* UIImage+Resize.m */; };
		57A20F5F16784CBC00FADD75 /* UIImage+RoundedCorner.h in Headers */ = {isa = PBXBuildFile; fileRef = 57A20F1916784CBC00FADD75 /* UIImage+RoundedCorner.h */; };
		57A20F6016784CBC00FADD75 /* UIImage+RoundedCorner.m in Sources */ = {isa = PBXBuildFile; fileRef = 57A20F1A16784CBC00FADD75 /* UIImage+RoundedCorner.m */; };
		57A20F6116784CBC00FADD75 /* CustomBadge.h in Headers */ = {isa = PBXBuildFile; fileRef = 57A20F1C16784CBC00FADD75 /* CustomBadge.h */; };
		57A20F6216784CBC00FADD75 /* CustomBadge.m in Sources */ = {isa = PBXBuildFile; fileRef = 57A20F1D16784CBC00FADD75 /* CustomBadge.m */; };
		57A20F6316784CBC00FADD75 /* AQGridView+CellLayout.h in Headers */ = {isa = PBXBuildFile; fileRef = 57A20F1F16784CBC00FADD75 /* AQGridView+CellLayout.h */; };
		57A20F6416784CBC00FADD75 /* AQGridView+CellLocationDelegation.h in Headers */ = {isa = PBXBuildFile; fileRef = 57A20F2016784CBC00FADD75 /* AQGridView+CellLocationDelegation.h */; };
		57A20F6516784CBC00FADD75 /* AQGridView.h in Headers */ = {isa = PBXBuildFile; fileRef = 57A20F2116784CBC00FADD75 /* AQGridView.h */; };
		57A20F6616784CBC00FADD75 /* AQGridView.m in Sources */ = {isa = PBXBuildFile; fileRef = 57A20F2216784CBC00FADD75 /* AQGridView.m */; };
		57A20F6716784CBC00FADD75 /* AQGridViewAnimatorItem.h in Headers */ = {isa = PBXBuildFile; fileRef = 57A20F2316784CBC00FADD75 /* AQGridViewAnimatorItem.h */; };
		57A20F6816784CBC00FADD75 /* AQGridViewAnimatorItem.m in Sources */ = {isa = PBXBuildFile; fileRef = 57A20F2416784CBC00FADD75 /* AQGridViewAnimatorItem.m */; };
		57A20F6916784CBC00FADD75 /* AQGridViewCell+AQGridViewCellPrivate.h in Headers */ = {isa = PBXBuildFile; fileRef = 57A20F2516784CBC00FADD75 /* AQGridViewCell+AQGridViewCellPrivate.h */; };
		57A20F6A16784CBC00FADD75 /* AQGridViewCell.h in Headers */ = {isa = PBXBuildFile; fileRef = 57A20F2616784CBC00FADD75 /* AQGridViewCell.h */; };
		57A20F6B16784CBC00FADD75 /* AQGridViewCell.m in Sources */ = {isa = PBXBuildFile; fileRef = 57A20F2716784CBC00FADD75 /* AQGridViewCell.m */; };
		57A20F6C16784CBC00FADD75 /* AQGridViewController.h in Headers */ = {isa = PBXBuildFile; fileRef = 57A20F2816784CBC00FADD75 /* AQGridViewController.h */; };
		57A20F6D16784CBC00FADD75 /* AQGridViewController.m in Sources */ = {isa = PBXBuildFile; fileRef = 57A20F2916784CBC00FADD75 /* AQGridViewController.m */; };
		57A20F6E16784CBC00FADD75 /* AQGridViewData.h in Headers */ = {isa = PBXBuildFile; fileRef = 57A20F2A16784CBC00FADD75 /* AQGridViewData.h */; };
		57A20F6F16784CBC00FADD75 /* AQGridViewData.m in Sources */ = {isa = PBXBuildFile; fileRef = 57A20F2B16784CBC00FADD75 /* AQGridViewData.m */; };
		57A20F7016784CBC00FADD75 /* AQGridViewUpdateInfo.h in Headers */ = {isa = PBXBuildFile; fileRef = 57A20F2C16784CBC00FADD75 /* AQGridViewUpdateInfo.h */; };
		57A20F7116784CBC00FADD75 /* AQGridViewUpdateInfo.m in Sources */ = {isa = PBXBuildFile; fileRef = 57A20F2D16784CBC00FADD75 /* AQGridViewUpdateInfo.m */; };
		57A20F7216784CBC00FADD75 /* AQGridViewUpdateItem.h in Headers */ = {isa = PBXBuildFile; fileRef = 57A20F2E16784CBC00FADD75 /* AQGridViewUpdateItem.h */; };
		57A20F7316784CBC00FADD75 /* AQGridViewUpdateItem.m in Sources */ = {isa = PBXBuildFile; fileRef = 57A20F2F16784CBC00FADD75 /* AQGridViewUpdateItem.m */; };
		57A20F7416784CBC00FADD75 /* NSIndexSet+AQIndexesOutsideSet.h in Headers */ = {isa = PBXBuildFile; fileRef = 57A20F3016784CBC00FADD75 /* NSIndexSet+AQIndexesOutsideSet.h */; };
		57A20F7516784CBC00FADD75 /* NSIndexSet+AQIndexesOutsideSet.m in Sources */ = {isa = PBXBuildFile; fileRef = 57A20F3116784CBC00FADD75 /* NSIndexSet+AQIndexesOutsideSet.m */; };
		57A20F7616784CBC00FADD75 /* NSIndexSet+AQIsSetContiguous.h in Headers */ = {isa = PBXBuildFile; fileRef = 57A20F3216784CBC00FADD75 /* NSIndexSet+AQIsSetContiguous.h */; };
		57A20F7716784CBC00FADD75 /* NSIndexSet+AQIsSetContiguous.m in Sources */ = {isa = PBXBuildFile; fileRef = 57A20F3316784CBC00FADD75 /* NSIndexSet+AQIsSetContiguous.m */; };
		57A20F7816784CBC00FADD75 /* UIColor+AQGridView.h in Headers */ = {isa = PBXBuildFile; fileRef = 57A20F3416784CBC00FADD75 /* UIColor+AQGridView.h */; };
		57A20F7916784CBC00FADD75 /* UIColor+AQGridView.m in Sources */ = {isa = PBXBuildFile; fileRef = 57A20F3516784CBC00FADD75 /* UIColor+AQGridView.m */; };
		57A20F7A16784CBC00FADD75 /* JWFolders.h in Headers */ = {isa = PBXBuildFile; fileRef = 57A20F3816784CBC00FADD75 /* JWFolders.h */; };
		57A20F7B16784CBC00FADD75 /* JWFolders.m in Sources */ = {isa = PBXBuildFile; fileRef = 57A20F3916784CBC00FADD75 /* JWFolders.m */; };
		57A20F8916784D0F00FADD75 /* EGORefreshTableHeaderView.h in Headers */ = {isa = PBXBuildFile; fileRef = 57A20F7E16784D0F00FADD75 /* EGORefreshTableHeaderView.h */; };
		57A20F8A16784D0F00FADD75 /* EGORefreshTableHeaderView.m in Sources */ = {isa = PBXBuildFile; fileRef = 57A20F7F16784D0F00FADD75 /* EGORefreshTableHeaderView.m */; };
		57A20FA316784FF900FADD75 /* TPKeyboardAvoidingScrollView.h in Headers */ = {isa = PBXBuildFile; fileRef = 57A20F8C16784FF900FADD75 /* TPKeyboardAvoidingScrollView.h */; };
		57A20FA416784FF900FADD75 /* TPKeyboardAvoidingScrollView.m in Sources */ = {isa = PBXBuildFile; fileRef = 57A20F8D16784FF900FADD75 /* TPKeyboardAvoidingScrollView.m */; };
		57A20FA516784FF900FADD75 /* TPKeyboardAvoidingTableView.h in Headers */ = {isa = PBXBuildFile; fileRef = 57A20F8E16784FF900FADD75 /* TPKeyboardAvoidingTableView.h */; };
		57A20FA616784FF900FADD75 /* TPKeyboardAvoidingTableView.m in Sources */ = {isa = PBXBuildFile; fileRef = 57A20F8F16784FF900FADD75 /* TPKeyboardAvoidingTableView.m */; };
		57A20FA716784FF900FADD75 /* PlaceHolderTextView.h in Headers */ = {isa = PBXBuildFile; fileRef = 57A20F9116784FF900FADD75 /* PlaceHolderTextView.h */; };
		57A20FA816784FF900FADD75 /* PlaceHolderTextView.m in Sources */ = {isa = PBXBuildFile; fileRef = 57A20F9216784FF900FADD75 /* PlaceHolderTextView.m */; };
		57A20FA916784FF900FADD75 /* RateView.h in Headers */ = {isa = PBXBuildFile; fileRef = 57A20F9416784FF900FADD75 /* RateView.h */; };
		57A20FAA16784FF900FADD75 /* RateView.m in Sources */ = {isa = PBXBuildFile; fileRef = 57A20F9516784FF900FADD75 /* RateView.m */; };
		57A20FAB16784FF900FADD75 /* RTDatePickerButton.h in Headers */ = {isa = PBXBuildFile; fileRef = 57A20F9716784FF900FADD75 /* RTDatePickerButton.h */; };
		57A20FAC16784FF900FADD75 /* RTDatePickerButton.m in Sources */ = {isa = PBXBuildFile; fileRef = 57A20F9816784FF900FADD75 /* RTDatePickerButton.m */; };
		57A20FAD16784FF900FADD75 /* AFKPageFlipper.h in Headers */ = {isa = PBXBuildFile; fileRef = 57A20F9A16784FF900FADD75 /* AFKPageFlipper.h */; };
		57A20FAE16784FF900FADD75 /* AFKPageFlipper.m in Sources */ = {isa = PBXBuildFile; fileRef = 57A20F9B16784FF900FADD75 /* AFKPageFlipper.m */; };
		57A20FAF16784FF900FADD75 /* RTPopupSheet.h in Headers */ = {isa = PBXBuildFile; fileRef = 57A20F9D16784FF900FADD75 /* RTPopupSheet.h */; };
		57A20FB016784FF900FADD75 /* RTPopupSheet.m in Sources */ = {isa = PBXBuildFile; fileRef = 57A20F9E16784FF900FADD75 /* RTPopupSheet.m */; };
		57A20FB116784FF900FADD75 /* SNPopupView+UsingPrivateMethod.h in Headers */ = {isa = PBXBuildFile; fileRef = 57A20F9F16784FF900FADD75 /* SNPopupView+UsingPrivateMethod.h */; };
		57A20FB216784FF900FADD75 /* SNPopupView+UsingPrivateMethod.m in Sources */ = {isa = PBXBuildFile; fileRef = 57A20FA016784FF900FADD75 /* SNPopupView+UsingPrivateMethod.m */; };
		57A20FB316784FF900FADD75 /* SNPopupView.h in Headers */ = {isa = PBXBuildFile; fileRef = 57A20FA116784FF900FADD75 /* SNPopupView.h */; };
		57A20FB416784FF900FADD75 /* SNPopupView.m in Sources */ = {isa = PBXBuildFile; fileRef = 57A20FA216784FF900FADD75 /* SNPopupView.m */; };
		57B0C4DF16C0ECA4003B2AA9 /* ELCAlbumPickerController.h in Headers */ = {isa = PBXBuildFile; fileRef = 57B0C4CF16C0ECA3003B2AA9 /* ELCAlbumPickerController.h */; };
		57B0C4E016C0ECA4003B2AA9 /* ELCAlbumPickerController.m in Sources */ = {isa = PBXBuildFile; fileRef = 57B0C4D016C0ECA3003B2AA9 /* ELCAlbumPickerController.m */; };
		57B0C4E116C0ECA4003B2AA9 /* ELCAsset.h in Headers */ = {isa = PBXBuildFile; fileRef = 57B0C4D216C0ECA3003B2AA9 /* ELCAsset.h */; };
		57B0C4E216C0ECA4003B2AA9 /* ELCAsset.m in Sources */ = {isa = PBXBuildFile; fileRef = 57B0C4D316C0ECA3003B2AA9 /* ELCAsset.m */; };
		57B0C4E316C0ECA4003B2AA9 /* ELCAssetCell.h in Headers */ = {isa = PBXBuildFile; fileRef = 57B0C4D416C0ECA3003B2AA9 /* ELCAssetCell.h */; };
		57B0C4E416C0ECA4003B2AA9 /* ELCAssetCell.m in Sources */ = {isa = PBXBuildFile; fileRef = 57B0C4D516C0ECA3003B2AA9 /* ELCAssetCell.m */; };
		57B0C4E516C0ECA4003B2AA9 /* ELCAssetTablePicker.h in Headers */ = {isa = PBXBuildFile; fileRef = 57B0C4D716C0ECA3003B2AA9 /* ELCAssetTablePicker.h */; };
		57B0C4E616C0ECA4003B2AA9 /* ELCAssetTablePicker.m in Sources */ = {isa = PBXBuildFile; fileRef = 57B0C4D816C0ECA3003B2AA9 /* ELCAssetTablePicker.m */; };
		57B0C4E716C0ECA4003B2AA9 /* ELCImagePickerController.h in Headers */ = {isa = PBXBuildFile; fileRef = 57B0C4DA16C0ECA3003B2AA9 /* ELCImagePickerController.h */; };
		57B0C4E816C0ECA4003B2AA9 /* ELCImagePickerController.m in Sources */ = {isa = PBXBuildFile; fileRef = 57B0C4DB16C0ECA3003B2AA9 /* ELCImagePickerController.m */; };
		57E39326159849C100F0D0FB /* Foundation.framework in Frameworks */ = {isa = PBXBuildFile; fileRef = 57E39325159849C100F0D0FB /* Foundation.framework */; };
		ABE6D0D616C3DDB100448EFD /* NumberKeypadDecimalPoint.h in Headers */ = {isa = PBXBuildFile; fileRef = ABE6D0D416C3DDB100448EFD /* NumberKeypadDecimalPoint.h */; };
		ABE6D0D716C3DDB100448EFD /* NumberKeypadDecimalPoint.m in Sources */ = {isa = PBXBuildFile; fileRef = ABE6D0D516C3DDB100448EFD /* NumberKeypadDecimalPoint.m */; };
/* End PBXBuildFile section */

/* Begin PBXFileReference section */
		578170E016D5C9AF00FA6E45 /* UINavigationController+LegacyRotation.h */ = {isa = PBXFileReference; fileEncoding = 4; lastKnownFileType = sourcecode.c.h; path = "UINavigationController+LegacyRotation.h"; sourceTree = "<group>"; };
		578170E116D5C9AF00FA6E45 /* UINavigationController+LegacyRotation.m */ = {isa = PBXFileReference; fileEncoding = 4; lastKnownFileType = sourcecode.c.objc; path = "UINavigationController+LegacyRotation.m"; sourceTree = "<group>"; };
		578170E216D5C9AF00FA6E45 /* UITabBarController+LegacyRotation.h */ = {isa = PBXFileReference; fileEncoding = 4; lastKnownFileType = sourcecode.c.h; path = "UITabBarController+LegacyRotation.h"; sourceTree = "<group>"; };
		578170E316D5C9AF00FA6E45 /* UITabBarController+LegacyRotation.m */ = {isa = PBXFileReference; fileEncoding = 4; lastKnownFileType = sourcecode.c.objc; path = "UITabBarController+LegacyRotation.m"; sourceTree = "<group>"; };
		578170E416D5C9AF00FA6E45 /* UIViewController+LegacyRotation.h */ = {isa = PBXFileReference; fileEncoding = 4; lastKnownFileType = sourcecode.c.h; path = "UIViewController+LegacyRotation.h"; sourceTree = "<group>"; };
		578170E516D5C9AF00FA6E45 /* UIViewController+LegacyRotation.m */ = {isa = PBXFileReference; fileEncoding = 4; lastKnownFileType = sourcecode.c.objc; path = "UIViewController+LegacyRotation.m"; sourceTree = "<group>"; };
		57A20EEE16784CBC00FADD75 /* IndexScrollController.h */ = {isa = PBXFileReference; fileEncoding = 4; lastKnownFileType = sourcecode.c.h; path = IndexScrollController.h; sourceTree = "<group>"; };
		57A20EEF16784CBC00FADD75 /* IndexScrollController.m */ = {isa = PBXFileReference; fileEncoding = 4; lastKnownFileType = sourcecode.c.objc; path = IndexScrollController.m; sourceTree = "<group>"; };
		57A20EF016784CBC00FADD75 /* IndexScrollView.h */ = {isa = PBXFileReference; fileEncoding = 4; lastKnownFileType = sourcecode.c.h; path = IndexScrollView.h; sourceTree = "<group>"; };
		57A20EF116784CBC00FADD75 /* IndexScrollView.m */ = {isa = PBXFileReference; fileEncoding = 4; lastKnownFileType = sourcecode.c.objc; path = IndexScrollView.m; sourceTree = "<group>"; };
		57A20EF316784CBC00FADD75 /* MWPhotoBrowser.h */ = {isa = PBXFileReference; fileEncoding = 4; lastKnownFileType = sourcecode.c.h; path = MWPhotoBrowser.h; sourceTree = "<group>"; };
		57A20EF416784CBC00FADD75 /* MWPhotoBrowser.m */ = {isa = PBXFileReference; fileEncoding = 4; lastKnownFileType = sourcecode.c.objc; path = MWPhotoBrowser.m; sourceTree = "<group>"; };
		57A20EF516784CBC00FADD75 /* MWTapDetectingImageView.h */ = {isa = PBXFileReference; fileEncoding = 4; lastKnownFileType = sourcecode.c.h; path = MWTapDetectingImageView.h; sourceTree = "<group>"; };
		57A20EF616784CBC00FADD75 /* MWTapDetectingImageView.m */ = {isa = PBXFileReference; fileEncoding = 4; lastKnownFileType = sourcecode.c.objc; path = MWTapDetectingImageView.m; sourceTree = "<group>"; };
		57A20EF716784CBC00FADD75 /* MWTapDetectingView.h */ = {isa = PBXFileReference; fileEncoding = 4; lastKnownFileType = sourcecode.c.h; path = MWTapDetectingView.h; sourceTree = "<group>"; };
		57A20EF816784CBC00FADD75 /* MWTapDetectingView.m */ = {isa = PBXFileReference; fileEncoding = 4; lastKnownFileType = sourcecode.c.objc; path = MWTapDetectingView.m; sourceTree = "<group>"; };
		57A20EF916784CBC00FADD75 /* MWZoomingScrollView.h */ = {isa = PBXFileReference; fileEncoding = 4; lastKnownFileType = sourcecode.c.h; path = MWZoomingScrollView.h; sourceTree = "<group>"; };
		57A20EFA16784CBC00FADD75 /* MWZoomingScrollView.m */ = {isa = PBXFileReference; fileEncoding = 4; lastKnownFileType = sourcecode.c.objc; path = MWZoomingScrollView.m; sourceTree = "<group>"; };
		57A20EFB16784CBC00FADD75 /* RTPhoto.h */ = {isa = PBXFileReference; fileEncoding = 4; lastKnownFileType = sourcecode.c.h; path = RTPhoto.h; sourceTree = "<group>"; };
		57A20EFC16784CBC00FADD75 /* RTPhoto.m */ = {isa = PBXFileReference; fileEncoding = 4; lastKnownFileType = sourcecode.c.objc; path = RTPhoto.m; sourceTree = "<group>"; };
		57A20EFD16784CBC00FADD75 /* RTPhotoScrollView.h */ = {isa = PBXFileReference; fileEncoding = 4; lastKnownFileType = sourcecode.c.h; path = RTPhotoScrollView.h; sourceTree = "<group>"; };
		57A20EFE16784CBC00FADD75 /* RTPhotoScrollView.m */ = {isa = PBXFileReference; fileEncoding = 4; lastKnownFileType = sourcecode.c.objc; path = RTPhotoScrollView.m; sourceTree = "<group>"; };
		57A20F0016784CBC00FADD75 /* MBProgressHUD.h */ = {isa = PBXFileReference; fileEncoding = 4; lastKnownFileType = sourcecode.c.h; path = MBProgressHUD.h; sourceTree = "<group>"; };
		57A20F0116784CBC00FADD75 /* MBProgressHUD.m */ = {isa = PBXFileReference; fileEncoding = 4; lastKnownFileType = sourcecode.c.objc; path = MBProgressHUD.m; sourceTree = "<group>"; };
		57A20F0316784CBC00FADD75 /* UIBarButtonItem+WEPopover.h */ = {isa = PBXFileReference; fileEncoding = 4; lastKnownFileType = sourcecode.c.h; path = "UIBarButtonItem+WEPopover.h"; sourceTree = "<group>"; };
		57A20F0416784CBC00FADD75 /* UIBarButtonItem+WEPopover.m */ = {isa = PBXFileReference; fileEncoding = 4; lastKnownFileType = sourcecode.c.objc; path = "UIBarButtonItem+WEPopover.m"; sourceTree = "<group>"; };
		57A20F0516784CBC00FADD75 /* WEPopoverContainerView.h */ = {isa = PBXFileReference; fileEncoding = 4; lastKnownFileType = sourcecode.c.h; path = WEPopoverContainerView.h; sourceTree = "<group>"; };
		57A20F0616784CBC00FADD75 /* WEPopoverContainerView.m */ = {isa = PBXFileReference; fileEncoding = 4; lastKnownFileType = sourcecode.c.objc; path = WEPopoverContainerView.m; sourceTree = "<group>"; };
		57A20F0716784CBC00FADD75 /* WEPopoverController.h */ = {isa = PBXFileReference; fileEncoding = 4; lastKnownFileType = sourcecode.c.h; path = WEPopoverController.h; sourceTree = "<group>"; };
		57A20F0816784CBC00FADD75 /* WEPopoverController.m */ = {isa = PBXFileReference; fileEncoding = 4; lastKnownFileType = sourcecode.c.objc; path = WEPopoverController.m; sourceTree = "<group>"; };
		57A20F0916784CBC00FADD75 /* WEPopoverParentView.h */ = {isa = PBXFileReference; fileEncoding = 4; lastKnownFileType = sourcecode.c.h; path = WEPopoverParentView.h; sourceTree = "<group>"; };
		57A20F0A16784CBC00FADD75 /* WETouchableView.h */ = {isa = PBXFileReference; fileEncoding = 4; lastKnownFileType = sourcecode.c.h; path = WETouchableView.h; sourceTree = "<group>"; };
		57A20F0B16784CBC00FADD75 /* WETouchableView.m */ = {isa = PBXFileReference; fileEncoding = 4; lastKnownFileType = sourcecode.c.objc; path = WETouchableView.m; sourceTree = "<group>"; };
		57A20F0D16784CBC00FADD75 /* WebImageView.h */ = {isa = PBXFileReference; fileEncoding = 4; lastKnownFileType = sourcecode.c.h; path = WebImageView.h; sourceTree = "<group>"; };
		57A20F0E16784CBC00FADD75 /* WebImageView.m */ = {isa = PBXFileReference; fileEncoding = 4; lastKnownFileType = sourcecode.c.objc; path = WebImageView.m; sourceTree = "<group>"; };
		57A20F1016784CBC00FADD75 /* UIScreen+Scale.h */ = {isa = PBXFileReference; fileEncoding = 4; lastKnownFileType = sourcecode.c.h; path = "UIScreen+Scale.h"; sourceTree = "<group>"; };
		57A20F1116784CBC00FADD75 /* UIScreen+Scale.m */ = {isa = PBXFileReference; fileEncoding = 4; lastKnownFileType = sourcecode.c.objc; path = "UIScreen+Scale.m"; sourceTree = "<group>"; };
		57A20F1216784CBC00FADD75 /* UIView+Screenshot.h */ = {isa = PBXFileReference; fileEncoding = 4; lastKnownFileType = sourcecode.c.h; path = "UIView+Screenshot.h"; sourceTree = "<group>"; };
		57A20F1316784CBC00FADD75 /* UIView+Screenshot.m */ = {isa = PBXFileReference; fileEncoding = 4; lastKnownFileType = sourcecode.c.objc; path = "UIView+Screenshot.m"; sourceTree = "<group>"; };
		57A20F1516784CBC00FADD75 /* UIImage+Alpha.h */ = {isa = PBXFileReference; fileEncoding = 4; lastKnownFileType = sourcecode.c.h; path = "UIImage+Alpha.h"; sourceTree = "<group>"; };
		57A20F1616784CBC00FADD75 /* UIImage+Alpha.m */ = {isa = PBXFileReference; fileEncoding = 4; lastKnownFileType = sourcecode.c.objc; path = "UIImage+Alpha.m"; sourceTree = "<group>"; };
		57A20F1716784CBC00FADD75 /* UIImage+Resize.h */ = {isa = PBXFileReference; fileEncoding = 4; lastKnownFileType = sourcecode.c.h; path = "UIImage+Resize.h"; sourceTree = "<group>"; };
		57A20F1816784CBC00FADD75 /* UIImage+Resize.m */ = {isa = PBXFileReference; fileEncoding = 4; lastKnownFileType = sourcecode.c.objc; path = "UIImage+Resize.m"; sourceTree = "<group>"; };
		57A20F1916784CBC00FADD75 /* UIImage+RoundedCorner.h */ = {isa = PBXFileReference; fileEncoding = 4; lastKnownFileType = sourcecode.c.h; path = "UIImage+RoundedCorner.h"; sourceTree = "<group>"; };
		57A20F1A16784CBC00FADD75 /* UIImage+RoundedCorner.m */ = {isa = PBXFileReference; fileEncoding = 4; lastKnownFileType = sourcecode.c.objc; path = "UIImage+RoundedCorner.m"; sourceTree = "<group>"; };
		57A20F1C16784CBC00FADD75 /* CustomBadge.h */ = {isa = PBXFileReference; fileEncoding = 4; lastKnownFileType = sourcecode.c.h; path = CustomBadge.h; sourceTree = "<group>"; };
		57A20F1D16784CBC00FADD75 /* CustomBadge.m */ = {isa = PBXFileReference; fileEncoding = 4; lastKnownFileType = sourcecode.c.objc; path = CustomBadge.m; sourceTree = "<group>"; };
		57A20F1F16784CBC00FADD75 /* AQGridView+CellLayout.h */ = {isa = PBXFileReference; fileEncoding = 4; lastKnownFileType = sourcecode.c.h; path = "AQGridView+CellLayout.h"; sourceTree = "<group>"; };
		57A20F2016784CBC00FADD75 /* AQGridView+CellLocationDelegation.h */ = {isa = PBXFileReference; fileEncoding = 4; lastKnownFileType = sourcecode.c.h; path = "AQGridView+CellLocationDelegation.h"; sourceTree = "<group>"; };
		57A20F2116784CBC00FADD75 /* AQGridView.h */ = {isa = PBXFileReference; fileEncoding = 4; lastKnownFileType = sourcecode.c.h; path = AQGridView.h; sourceTree = "<group>"; };
		57A20F2216784CBC00FADD75 /* AQGridView.m */ = {isa = PBXFileReference; fileEncoding = 4; lastKnownFileType = sourcecode.c.objc; path = AQGridView.m; sourceTree = "<group>"; };
		57A20F2316784CBC00FADD75 /* AQGridViewAnimatorItem.h */ = {isa = PBXFileReference; fileEncoding = 4; lastKnownFileType = sourcecode.c.h; path = AQGridViewAnimatorItem.h; sourceTree = "<group>"; };
		57A20F2416784CBC00FADD75 /* AQGridViewAnimatorItem.m */ = {isa = PBXFileReference; fileEncoding = 4; lastKnownFileType = sourcecode.c.objc; path = AQGridViewAnimatorItem.m; sourceTree = "<group>"; };
		57A20F2516784CBC00FADD75 /* AQGridViewCell+AQGridViewCellPrivate.h */ = {isa = PBXFileReference; fileEncoding = 4; lastKnownFileType = sourcecode.c.h; path = "AQGridViewCell+AQGridViewCellPrivate.h"; sourceTree = "<group>"; };
		57A20F2616784CBC00FADD75 /* AQGridViewCell.h */ = {isa = PBXFileReference; fileEncoding = 4; lastKnownFileType = sourcecode.c.h; path = AQGridViewCell.h; sourceTree = "<group>"; };
		57A20F2716784CBC00FADD75 /* AQGridViewCell.m */ = {isa = PBXFileReference; fileEncoding = 4; lastKnownFileType = sourcecode.c.objc; path = AQGridViewCell.m; sourceTree = "<group>"; };
		57A20F2816784CBC00FADD75 /* AQGridViewController.h */ = {isa = PBXFileReference; fileEncoding = 4; lastKnownFileType = sourcecode.c.h; path = AQGridViewController.h; sourceTree = "<group>"; };
		57A20F2916784CBC00FADD75 /* AQGridViewController.m */ = {isa = PBXFileReference; fileEncoding = 4; lastKnownFileType = sourcecode.c.objc; path = AQGridViewController.m; sourceTree = "<group>"; };
		57A20F2A16784CBC00FADD75 /* AQGridViewData.h */ = {isa = PBXFileReference; fileEncoding = 4; lastKnownFileType = sourcecode.c.h; path = AQGridViewData.h; sourceTree = "<group>"; };
		57A20F2B16784CBC00FADD75 /* AQGridViewData.m */ = {isa = PBXFileReference; fileEncoding = 4; lastKnownFileType = sourcecode.c.objc; path = AQGridViewData.m; sourceTree = "<group>"; };
		57A20F2C16784CBC00FADD75 /* AQGridViewUpdateInfo.h */ = {isa = PBXFileReference; fileEncoding = 4; lastKnownFileType = sourcecode.c.h; path = AQGridViewUpdateInfo.h; sourceTree = "<group>"; };
		57A20F2D16784CBC00FADD75 /* AQGridViewUpdateInfo.m */ = {isa = PBXFileReference; fileEncoding = 4; lastKnownFileType = sourcecode.c.objc; path = AQGridViewUpdateInfo.m; sourceTree = "<group>"; };
		57A20F2E16784CBC00FADD75 /* AQGridViewUpdateItem.h */ = {isa = PBXFileReference; fileEncoding = 4; lastKnownFileType = sourcecode.c.h; path = AQGridViewUpdateItem.h; sourceTree = "<group>"; };
		57A20F2F16784CBC00FADD75 /* AQGridViewUpdateItem.m */ = {isa = PBXFileReference; fileEncoding = 4; lastKnownFileType = sourcecode.c.objc; path = AQGridViewUpdateItem.m; sourceTree = "<group>"; };
		57A20F3016784CBC00FADD75 /* NSIndexSet+AQIndexesOutsideSet.h */ = {isa = PBXFileReference; fileEncoding = 4; lastKnownFileType = sourcecode.c.h; path = "NSIndexSet+AQIndexesOutsideSet.h"; sourceTree = "<group>"; };
		57A20F3116784CBC00FADD75 /* NSIndexSet+AQIndexesOutsideSet.m */ = {isa = PBXFileReference; fileEncoding = 4; lastKnownFileType = sourcecode.c.objc; path = "NSIndexSet+AQIndexesOutsideSet.m"; sourceTree = "<group>"; };
		57A20F3216784CBC00FADD75 /* NSIndexSet+AQIsSetContiguous.h */ = {isa = PBXFileReference; fileEncoding = 4; lastKnownFileType = sourcecode.c.h; path = "NSIndexSet+AQIsSetContiguous.h"; sourceTree = "<group>"; };
		57A20F3316784CBC00FADD75 /* NSIndexSet+AQIsSetContiguous.m */ = {isa = PBXFileReference; fileEncoding = 4; lastKnownFileType = sourcecode.c.objc; path = "NSIndexSet+AQIsSetContiguous.m"; sourceTree = "<group>"; };
		57A20F3416784CBC00FADD75 /* UIColor+AQGridView.h */ = {isa = PBXFileReference; fileEncoding = 4; lastKnownFileType = sourcecode.c.h; path = "UIColor+AQGridView.h"; sourceTree = "<group>"; };
		57A20F3516784CBC00FADD75 /* UIColor+AQGridView.m */ = {isa = PBXFileReference; fileEncoding = 4; lastKnownFileType = sourcecode.c.objc; path = "UIColor+AQGridView.m"; sourceTree = "<group>"; };
		57A20F3816784CBC00FADD75 /* JWFolders.h */ = {isa = PBXFileReference; fileEncoding = 4; lastKnownFileType = sourcecode.c.h; path = JWFolders.h; sourceTree = "<group>"; };
		57A20F3916784CBC00FADD75 /* JWFolders.m */ = {isa = PBXFileReference; fileEncoding = 4; lastKnownFileType = sourcecode.c.objc; path = JWFolders.m; sourceTree = "<group>"; };
		57A20F7E16784D0F00FADD75 /* EGORefreshTableHeaderView.h */ = {isa = PBXFileReference; fileEncoding = 4; lastKnownFileType = sourcecode.c.h; path = EGORefreshTableHeaderView.h; sourceTree = "<group>"; };
		57A20F7F16784D0F00FADD75 /* EGORefreshTableHeaderView.m */ = {isa = PBXFileReference; fileEncoding = 4; lastKnownFileType = sourcecode.c.objc; path = EGORefreshTableHeaderView.m; sourceTree = "<group>"; };
		57A20F8116784D0F00FADD75 /* blackArrow.png */ = {isa = PBXFileReference; lastKnownFileType = image.png; path = blackArrow.png; sourceTree = "<group>"; };
		57A20F8216784D0F00FADD75 /* blackArrow@2x.png */ = {isa = PBXFileReference; lastKnownFileType = image.png; path = "blackArrow@2x.png"; sourceTree = "<group>"; };
		57A20F8316784D0F00FADD75 /* blueArrow.png */ = {isa = PBXFileReference; lastKnownFileType = image.png; path = blueArrow.png; sourceTree = "<group>"; };
		57A20F8416784D0F00FADD75 /* blueArrow@2x.png */ = {isa = PBXFileReference; lastKnownFileType = image.png; path = "blueArrow@2x.png"; sourceTree = "<group>"; };
		57A20F8516784D0F00FADD75 /* grayArrow.png */ = {isa = PBXFileReference; lastKnownFileType = image.png; path = grayArrow.png; sourceTree = "<group>"; };
		57A20F8616784D0F00FADD75 /* grayArrow@2x.png */ = {isa = PBXFileReference; lastKnownFileType = image.png; path = "grayArrow@2x.png"; sourceTree = "<group>"; };
		57A20F8716784D0F00FADD75 /* whiteArrow.png */ = {isa = PBXFileReference; lastKnownFileType = image.png; path = whiteArrow.png; sourceTree = "<group>"; };
		57A20F8816784D0F00FADD75 /* whiteArrow@2x.png */ = {isa = PBXFileReference; lastKnownFileType = image.png; path = "whiteArrow@2x.png"; sourceTree = "<group>"; };
		57A20F8C16784FF900FADD75 /* TPKeyboardAvoidingScrollView.h */ = {isa = PBXFileReference; fileEncoding = 4; lastKnownFileType = sourcecode.c.h; path = TPKeyboardAvoidingScrollView.h; sourceTree = "<group>"; };
		57A20F8D16784FF900FADD75 /* TPKeyboardAvoidingScrollView.m */ = {isa = PBXFileReference; fileEncoding = 4; lastKnownFileType = sourcecode.c.objc; path = TPKeyboardAvoidingScrollView.m; sourceTree = "<group>"; };
		57A20F8E16784FF900FADD75 /* TPKeyboardAvoidingTableView.h */ = {isa = PBXFileReference; fileEncoding = 4; lastKnownFileType = sourcecode.c.h; path = TPKeyboardAvoidingTableView.h; sourceTree = "<group>"; };
		57A20F8F16784FF900FADD75 /* TPKeyboardAvoidingTableView.m */ = {isa = PBXFileReference; fileEncoding = 4; lastKnownFileType = sourcecode.c.objc; path = TPKeyboardAvoidingTableView.m; sourceTree = "<group>"; };
		57A20F9116784FF900FADD75 /* PlaceHolderTextView.h */ = {isa = PBXFileReference; fileEncoding = 4; lastKnownFileType = sourcecode.c.h; path = PlaceHolderTextView.h; sourceTree = "<group>"; };
		57A20F9216784FF900FADD75 /* PlaceHolderTextView.m */ = {isa = PBXFileReference; fileEncoding = 4; lastKnownFileType = sourcecode.c.objc; path = PlaceHolderTextView.m; sourceTree = "<group>"; };
		57A20F9416784FF900FADD75 /* RateView.h */ = {isa = PBXFileReference; fileEncoding = 4; lastKnownFileType = sourcecode.c.h; path = RateView.h; sourceTree = "<group>"; };
		57A20F9516784FF900FADD75 /* RateView.m */ = {isa = PBXFileReference; fileEncoding = 4; lastKnownFileType = sourcecode.c.objc; path = RateView.m; sourceTree = "<group>"; };
		57A20F9716784FF900FADD75 /* RTDatePickerButton.h */ = {isa = PBXFileReference; fileEncoding = 4; lastKnownFileType = sourcecode.c.h; path = RTDatePickerButton.h; sourceTree = "<group>"; };
		57A20F9816784FF900FADD75 /* RTDatePickerButton.m */ = {isa = PBXFileReference; fileEncoding = 4; lastKnownFileType = sourcecode.c.objc; path = RTDatePickerButton.m; sourceTree = "<group>"; };
		57A20F9A16784FF900FADD75 /* AFKPageFlipper.h */ = {isa = PBXFileReference; fileEncoding = 4; lastKnownFileType = sourcecode.c.h; path = AFKPageFlipper.h; sourceTree = "<group>"; };
		57A20F9B16784FF900FADD75 /* AFKPageFlipper.m */ = {isa = PBXFileReference; fileEncoding = 4; lastKnownFileType = sourcecode.c.objc; path = AFKPageFlipper.m; sourceTree = "<group>"; };
		57A20F9D16784FF900FADD75 /* RTPopupSheet.h */ = {isa = PBXFileReference; fileEncoding = 4; lastKnownFileType = sourcecode.c.h; path = RTPopupSheet.h; sourceTree = "<group>"; };
		57A20F9E16784FF900FADD75 /* RTPopupSheet.m */ = {isa = PBXFileReference; fileEncoding = 4; lastKnownFileType = sourcecode.c.objc; path = RTPopupSheet.m; sourceTree = "<group>"; };
		57A20F9F16784FF900FADD75 /* SNPopupView+UsingPrivateMethod.h */ = {isa = PBXFileReference; fileEncoding = 4; lastKnownFileType = sourcecode.c.h; path = "SNPopupView+UsingPrivateMethod.h"; sourceTree = "<group>"; };
		57A20FA016784FF900FADD75 /* SNPopupView+UsingPrivateMethod.m */ = {isa = PBXFileReference; fileEncoding = 4; lastKnownFileType = sourcecode.c.objc; path = "SNPopupView+UsingPrivateMethod.m"; sourceTree = "<group>"; };
		57A20FA116784FF900FADD75 /* SNPopupView.h */ = {isa = PBXFileReference; fileEncoding = 4; lastKnownFileType = sourcecode.c.h; path = SNPopupView.h; sourceTree = "<group>"; };
		57A20FA216784FF900FADD75 /* SNPopupView.m */ = {isa = PBXFileReference; fileEncoding = 4; lastKnownFileType = sourcecode.c.objc; path = SNPopupView.m; sourceTree = "<group>"; };
		57B0C4CF16C0ECA3003B2AA9 /* ELCAlbumPickerController.h */ = {isa = PBXFileReference; fileEncoding = 4; lastKnownFileType = sourcecode.c.h; path = ELCAlbumPickerController.h; sourceTree = "<group>"; };
		57B0C4D016C0ECA3003B2AA9 /* ELCAlbumPickerController.m */ = {isa = PBXFileReference; fileEncoding = 4; lastKnownFileType = sourcecode.c.objc; path = ELCAlbumPickerController.m; sourceTree = "<group>"; };
		57B0C4D216C0ECA3003B2AA9 /* ELCAsset.h */ = {isa = PBXFileReference; fileEncoding = 4; lastKnownFileType = sourcecode.c.h; path = ELCAsset.h; sourceTree = "<group>"; };
		57B0C4D316C0ECA3003B2AA9 /* ELCAsset.m */ = {isa = PBXFileReference; fileEncoding = 4; lastKnownFileType = sourcecode.c.objc; path = ELCAsset.m; sourceTree = "<group>"; };
		57B0C4D416C0ECA3003B2AA9 /* ELCAssetCell.h */ = {isa = PBXFileReference; fileEncoding = 4; lastKnownFileType = sourcecode.c.h; path = ELCAssetCell.h; sourceTree = "<group>"; };
		57B0C4D516C0ECA3003B2AA9 /* ELCAssetCell.m */ = {isa = PBXFileReference; fileEncoding = 4; lastKnownFileType = sourcecode.c.objc; path = ELCAssetCell.m; sourceTree = "<group>"; };
		57B0C4D716C0ECA3003B2AA9 /* ELCAssetTablePicker.h */ = {isa = PBXFileReference; fileEncoding = 4; lastKnownFileType = sourcecode.c.h; path = ELCAssetTablePicker.h; sourceTree = "<group>"; };
		57B0C4D816C0ECA3003B2AA9 /* ELCAssetTablePicker.m */ = {isa = PBXFileReference; fileEncoding = 4; lastKnownFileType = sourcecode.c.objc; path = ELCAssetTablePicker.m; sourceTree = "<group>"; };
		57B0C4DA16C0ECA3003B2AA9 /* ELCImagePickerController.h */ = {isa = PBXFileReference; fileEncoding = 4; lastKnownFileType = sourcecode.c.h; path = ELCImagePickerController.h; sourceTree = "<group>"; };
		57B0C4DB16C0ECA3003B2AA9 /* ELCImagePickerController.m */ = {isa = PBXFileReference; fileEncoding = 4; lastKnownFileType = sourcecode.c.objc; path = ELCImagePickerController.m; sourceTree = "<group>"; };
		57E39322159849C100F0D0FB /* libUIComponent.a */ = {isa = PBXFileReference; explicitFileType = archive.ar; includeInIndex = 0; path = libUIComponent.a; sourceTree = BUILT_PRODUCTS_DIR; };
		57E39325159849C100F0D0FB /* Foundation.framework */ = {isa = PBXFileReference; lastKnownFileType = wrapper.framework; name = Foundation.framework; path = System/Library/Frameworks/Foundation.framework; sourceTree = SDKROOT; };
		57E39329159849C100F0D0FB /* UIComponent-Prefix.pch */ = {isa = PBXFileReference; lastKnownFileType = sourcecode.c.h; path = "UIComponent-Prefix.pch"; sourceTree = "<group>"; };
		57E3932A159849C100F0D0FB /* UIComponent.h */ = {isa = PBXFileReference; lastKnownFileType = sourcecode.c.h; path = UIComponent.h; sourceTree = "<group>"; };
		ABE6D0D416C3DDB100448EFD /* NumberKeypadDecimalPoint.h */ = {isa = PBXFileReference; fileEncoding = 4; lastKnownFileType = sourcecode.c.h; path = NumberKeypadDecimalPoint.h; sourceTree = "<group>"; };
		ABE6D0D516C3DDB100448EFD /* NumberKeypadDecimalPoint.m */ = {isa = PBXFileReference; fileEncoding = 4; lastKnownFileType = sourcecode.c.objc; path = NumberKeypadDecimalPoint.m; sourceTree = "<group>"; };
/* End PBXFileReference section */

/* Begin PBXFrameworksBuildPhase section */
		57E3931F159849C100F0D0FB /* Frameworks */ = {
			isa = PBXFrameworksBuildPhase;
			buildActionMask = 2147483647;
			files = (
				57E39326159849C100F0D0FB /* Foundation.framework in Frameworks */,
			);
			runOnlyForDeploymentPostprocessing = 0;
		};
/* End PBXFrameworksBuildPhase section */

/* Begin PBXGroup section */
		5731D45415AE9189000AEB1D /* Category */ = {
			isa = PBXGroup;
			children = (
				578170DF16D5C9AF00FA6E45 /* ios6Rotation */,
				57A20F1416784CBC00FADD75 /* UIImage */,
			);
			name = Category;
			sourceTree = "<group>";
		};
		578170DF16D5C9AF00FA6E45 /* ios6Rotation */ = {
			isa = PBXGroup;
			children = (
				578170E016D5C9AF00FA6E45 /* UINavigationController+LegacyRotation.h */,
				578170E116D5C9AF00FA6E45 /* UINavigationController+LegacyRotation.m */,
				578170E216D5C9AF00FA6E45 /* UITabBarController+LegacyRotation.h */,
				578170E316D5C9AF00FA6E45 /* UITabBarController+LegacyRotation.m */,
				578170E416D5C9AF00FA6E45 /* UIViewController+LegacyRotation.h */,
				578170E516D5C9AF00FA6E45 /* UIViewController+LegacyRotation.m */,
			);
			path = ios6Rotation;
			sourceTree = "<group>";
		};
		5787C90415AABDBA001DC499 /* UIComponent */ = {
			isa = PBXGroup;
			children = (
				ABE6D0D316C3DDB100448EFD /* DecimalPointNumberPad */,
				57B0C4CE16C0ECA3003B2AA9 /* ELCImagePicker */,
				57A20F8B16784FF900FADD75 /* KeyboardAvoid */,
				57A20F9016784FF900FADD75 /* TextViewPlaceHolder */,
				57A20F9316784FF900FADD75 /* RateView */,
				57A20F9616784FF900FADD75 /* DatePickerButton */,
				57A20F9916784FF900FADD75 /* AFKPageFlipper */,
				57A20F9C16784FF900FADD75 /* PopupSheet */,
				57A20EED16784CBC00FADD75 /* IndexScrollController */,
				57A20EF216784CBC00FADD75 /* RTPhotoBrowser */,
				57A20EFF16784CBC00FADD75 /* MBProgressHUD */,
				57A20F0216784CBC00FADD75 /* PopoverController */,
				57A20F0C16784CBC00FADD75 /* WebImageView */,
				57A20F0F16784CBC00FADD75 /* UIViewScreenShot */,
				57A20F1B16784CBC00FADD75 /* CustomBadge */,
				57A20F1E16784CBC00FADD75 /* AQGridView */,
				57A20F3616784CBC00FADD75 /* EGOTableViewPullRefresh */,
				57A20F3716784CBC00FADD75 /* JWFolders */,
			);
			name = UIComponent;
			sourceTree = "<group>";
		};
		57A20EED16784CBC00FADD75 /* IndexScrollController */ = {
			isa = PBXGroup;
			children = (
				57A20EEE16784CBC00FADD75 /* IndexScrollController.h */,
				57A20EEF16784CBC00FADD75 /* IndexScrollController.m */,
				57A20EF016784CBC00FADD75 /* IndexScrollView.h */,
				57A20EF116784CBC00FADD75 /* IndexScrollView.m */,
			);
			path = IndexScrollController;
			sourceTree = "<group>";
		};
		57A20EF216784CBC00FADD75 /* RTPhotoBrowser */ = {
			isa = PBXGroup;
			children = (
				57A20EF316784CBC00FADD75 /* MWPhotoBrowser.h */,
				57A20EF416784CBC00FADD75 /* MWPhotoBrowser.m */,
				57A20EF516784CBC00FADD75 /* MWTapDetectingImageView.h */,
				57A20EF616784CBC00FADD75 /* MWTapDetectingImageView.m */,
				57A20EF716784CBC00FADD75 /* MWTapDetectingView.h */,
				57A20EF816784CBC00FADD75 /* MWTapDetectingView.m */,
				57A20EF916784CBC00FADD75 /* MWZoomingScrollView.h */,
				57A20EFA16784CBC00FADD75 /* MWZoomingScrollView.m */,
				57A20EFB16784CBC00FADD75 /* RTPhoto.h */,
				57A20EFC16784CBC00FADD75 /* RTPhoto.m */,
				57A20EFD16784CBC00FADD75 /* RTPhotoScrollView.h */,
				57A20EFE16784CBC00FADD75 /* RTPhotoScrollView.m */,
			);
			path = RTPhotoBrowser;
			sourceTree = "<group>";
		};
		57A20EFF16784CBC00FADD75 /* MBProgressHUD */ = {
			isa = PBXGroup;
			children = (
				57A20F0016784CBC00FADD75 /* MBProgressHUD.h */,
				57A20F0116784CBC00FADD75 /* MBProgressHUD.m */,
			);
			path = MBProgressHUD;
			sourceTree = "<group>";
		};
		57A20F0216784CBC00FADD75 /* PopoverController */ = {
			isa = PBXGroup;
			children = (
				57A20F0316784CBC00FADD75 /* UIBarButtonItem+WEPopover.h */,
				57A20F0416784CBC00FADD75 /* UIBarButtonItem+WEPopover.m */,
				57A20F0516784CBC00FADD75 /* WEPopoverContainerView.h */,
				57A20F0616784CBC00FADD75 /* WEPopoverContainerView.m */,
				57A20F0716784CBC00FADD75 /* WEPopoverController.h */,
				57A20F0816784CBC00FADD75 /* WEPopoverController.m */,
				57A20F0916784CBC00FADD75 /* WEPopoverParentView.h */,
				57A20F0A16784CBC00FADD75 /* WETouchableView.h */,
				57A20F0B16784CBC00FADD75 /* WETouchableView.m */,
			);
			path = PopoverController;
			sourceTree = "<group>";
		};
		57A20F0C16784CBC00FADD75 /* WebImageView */ = {
			isa = PBXGroup;
			children = (
				57A20F0D16784CBC00FADD75 /* WebImageView.h */,
				57A20F0E16784CBC00FADD75 /* WebImageView.m */,
			);
			path = WebImageView;
			sourceTree = "<group>";
		};
		57A20F0F16784CBC00FADD75 /* UIViewScreenShot */ = {
			isa = PBXGroup;
			children = (
				57A20F1016784CBC00FADD75 /* UIScreen+Scale.h */,
				57A20F1116784CBC00FADD75 /* UIScreen+Scale.m */,
				57A20F1216784CBC00FADD75 /* UIView+Screenshot.h */,
				57A20F1316784CBC00FADD75 /* UIView+Screenshot.m */,
			);
			path = UIViewScreenShot;
			sourceTree = "<group>";
		};
		57A20F1416784CBC00FADD75 /* UIImage */ = {
			isa = PBXGroup;
			children = (
				57A20F1516784CBC00FADD75 /* UIImage+Alpha.h */,
				57A20F1616784CBC00FADD75 /* UIImage+Alpha.m */,
				57A20F1716784CBC00FADD75 /* UIImage+Resize.h */,
				57A20F1816784CBC00FADD75 /* UIImage+Resize.m */,
				57A20F1916784CBC00FADD75 /* UIImage+RoundedCorner.h */,
				57A20F1A16784CBC00FADD75 /* UIImage+RoundedCorner.m */,
			);
			path = UIImage;
			sourceTree = "<group>";
		};
		57A20F1B16784CBC00FADD75 /* CustomBadge */ = {
			isa = PBXGroup;
			children = (
				57A20F1C16784CBC00FADD75 /* CustomBadge.h */,
				57A20F1D16784CBC00FADD75 /* CustomBadge.m */,
			);
			path = CustomBadge;
			sourceTree = "<group>";
		};
		57A20F1E16784CBC00FADD75 /* AQGridView */ = {
			isa = PBXGroup;
			children = (
				57A20F1F16784CBC00FADD75 /* AQGridView+CellLayout.h */,
				57A20F2016784CBC00FADD75 /* AQGridView+CellLocationDelegation.h */,
				57A20F2116784CBC00FADD75 /* AQGridView.h */,
				57A20F2216784CBC00FADD75 /* AQGridView.m */,
				57A20F2316784CBC00FADD75 /* AQGridViewAnimatorItem.h */,
				57A20F2416784CBC00FADD75 /* AQGridViewAnimatorItem.m */,
				57A20F2516784CBC00FADD75 /* AQGridViewCell+AQGridViewCellPrivate.h */,
				57A20F2616784CBC00FADD75 /* AQGridViewCell.h */,
				57A20F2716784CBC00FADD75 /* AQGridViewCell.m */,
				57A20F2816784CBC00FADD75 /* AQGridViewController.h */,
				57A20F2916784CBC00FADD75 /* AQGridViewController.m */,
				57A20F2A16784CBC00FADD75 /* AQGridViewData.h */,
				57A20F2B16784CBC00FADD75 /* AQGridViewData.m */,
				57A20F2C16784CBC00FADD75 /* AQGridViewUpdateInfo.h */,
				57A20F2D16784CBC00FADD75 /* AQGridViewUpdateInfo.m */,
				57A20F2E16784CBC00FADD75 /* AQGridViewUpdateItem.h */,
				57A20F2F16784CBC00FADD75 /* AQGridViewUpdateItem.m */,
				57A20F3016784CBC00FADD75 /* NSIndexSet+AQIndexesOutsideSet.h */,
				57A20F3116784CBC00FADD75 /* NSIndexSet+AQIndexesOutsideSet.m */,
				57A20F3216784CBC00FADD75 /* NSIndexSet+AQIsSetContiguous.h */,
				57A20F3316784CBC00FADD75 /* NSIndexSet+AQIsSetContiguous.m */,
				57A20F3416784CBC00FADD75 /* UIColor+AQGridView.h */,
				57A20F3516784CBC00FADD75 /* UIColor+AQGridView.m */,
			);
			path = AQGridView;
			sourceTree = "<group>";
		};
		57A20F3616784CBC00FADD75 /* EGOTableViewPullRefresh */ = {
			isa = PBXGroup;
			children = (
				57A20F7C16784D0F00FADD75 /* Classes */,
				57A20F8016784D0F00FADD75 /* Resources */,
			);
			path = EGOTableViewPullRefresh;
			sourceTree = "<group>";
		};
		57A20F3716784CBC00FADD75 /* JWFolders */ = {
			isa = PBXGroup;
			children = (
				57A20F3816784CBC00FADD75 /* JWFolders.h */,
				57A20F3916784CBC00FADD75 /* JWFolders.m */,
			);
			path = JWFolders;
			sourceTree = "<group>";
		};
		57A20F7C16784D0F00FADD75 /* Classes */ = {
			isa = PBXGroup;
			children = (
				57A20F7D16784D0F00FADD75 /* View */,
			);
			path = Classes;
			sourceTree = "<group>";
		};
		57A20F7D16784D0F00FADD75 /* View */ = {
			isa = PBXGroup;
			children = (
				57A20F7E16784D0F00FADD75 /* EGORefreshTableHeaderView.h */,
				57A20F7F16784D0F00FADD75 /* EGORefreshTableHeaderView.m */,
			);
			path = View;
			sourceTree = "<group>";
		};
		57A20F8016784D0F00FADD75 /* Resources */ = {
			isa = PBXGroup;
			children = (
				57A20F8116784D0F00FADD75 /* blackArrow.png */,
				57A20F8216784D0F00FADD75 /* blackArrow@2x.png */,
				57A20F8316784D0F00FADD75 /* blueArrow.png */,
				57A20F8416784D0F00FADD75 /* blueArrow@2x.png */,
				57A20F8516784D0F00FADD75 /* grayArrow.png */,
				57A20F8616784D0F00FADD75 /* grayArrow@2x.png */,
				57A20F8716784D0F00FADD75 /* whiteArrow.png */,
				57A20F8816784D0F00FADD75 /* whiteArrow@2x.png */,
			);
			path = Resources;
			sourceTree = "<group>";
		};
		57A20F8B16784FF900FADD75 /* KeyboardAvoid */ = {
			isa = PBXGroup;
			children = (
				57A20F8C16784FF900FADD75 /* TPKeyboardAvoidingScrollView.h */,
				57A20F8D16784FF900FADD75 /* TPKeyboardAvoidingScrollView.m */,
				57A20F8E16784FF900FADD75 /* TPKeyboardAvoidingTableView.h */,
				57A20F8F16784FF900FADD75 /* TPKeyboardAvoidingTableView.m */,
			);
			path = KeyboardAvoid;
			sourceTree = "<group>";
		};
		57A20F9016784FF900FADD75 /* TextViewPlaceHolder */ = {
			isa = PBXGroup;
			children = (
				57A20F9116784FF900FADD75 /* PlaceHolderTextView.h */,
				57A20F9216784FF900FADD75 /* PlaceHolderTextView.m */,
			);
			path = TextViewPlaceHolder;
			sourceTree = "<group>";
		};
		57A20F9316784FF900FADD75 /* RateView */ = {
			isa = PBXGroup;
			children = (
				57A20F9416784FF900FADD75 /* RateView.h */,
				57A20F9516784FF900FADD75 /* RateView.m */,
			);
			path = RateView;
			sourceTree = "<group>";
		};
		57A20F9616784FF900FADD75 /* DatePickerButton */ = {
			isa = PBXGroup;
			children = (
				57A20F9716784FF900FADD75 /* RTDatePickerButton.h */,
				57A20F9816784FF900FADD75 /* RTDatePickerButton.m */,
			);
			path = DatePickerButton;
			sourceTree = "<group>";
		};
		57A20F9916784FF900FADD75 /* AFKPageFlipper */ = {
			isa = PBXGroup;
			children = (
				57A20F9A16784FF900FADD75 /* AFKPageFlipper.h */,
				57A20F9B16784FF900FADD75 /* AFKPageFlipper.m */,
			);
			path = AFKPageFlipper;
			sourceTree = "<group>";
		};
		57A20F9C16784FF900FADD75 /* PopupSheet */ = {
			isa = PBXGroup;
			children = (
				57A20F9D16784FF900FADD75 /* RTPopupSheet.h */,
				57A20F9E16784FF900FADD75 /* RTPopupSheet.m */,
				57A20F9F16784FF900FADD75 /* SNPopupView+UsingPrivateMethod.h */,
				57A20FA016784FF900FADD75 /* SNPopupView+UsingPrivateMethod.m */,
				57A20FA116784FF900FADD75 /* SNPopupView.h */,
				57A20FA216784FF900FADD75 /* SNPopupView.m */,
			);
			path = PopupSheet;
			sourceTree = "<group>";
		};
		57B0C4CE16C0ECA3003B2AA9 /* ELCImagePicker */ = {
			isa = PBXGroup;
			children = (
				57B0C4CF16C0ECA3003B2AA9 /* ELCAlbumPickerController.h */,
				57B0C4D016C0ECA3003B2AA9 /* ELCAlbumPickerController.m */,
				57B0C4D216C0ECA3003B2AA9 /* ELCAsset.h */,
				57B0C4D316C0ECA3003B2AA9 /* ELCAsset.m */,
				57B0C4D416C0ECA3003B2AA9 /* ELCAssetCell.h */,
				57B0C4D516C0ECA3003B2AA9 /* ELCAssetCell.m */,
				57B0C4D716C0ECA3003B2AA9 /* ELCAssetTablePicker.h */,
				57B0C4D816C0ECA3003B2AA9 /* ELCAssetTablePicker.m */,
				57B0C4DA16C0ECA3003B2AA9 /* ELCImagePickerController.h */,
				57B0C4DB16C0ECA3003B2AA9 /* ELCImagePickerController.m */,
			);
			path = ELCImagePicker;
			sourceTree = "<group>";
		};
		57E39317159849C100F0D0FB = {
			isa = PBXGroup;
			children = (
				57E39327159849C100F0D0FB /* UIComponent */,
				57E39324159849C100F0D0FB /* Frameworks */,
				57E39323159849C100F0D0FB /* Products */,
			);
			sourceTree = "<group>";
		};
		57E39323159849C100F0D0FB /* Products */ = {
			isa = PBXGroup;
			children = (
				57E39322159849C100F0D0FB /* libUIComponent.a */,
			);
			name = Products;
			sourceTree = "<group>";
		};
		57E39324159849C100F0D0FB /* Frameworks */ = {
			isa = PBXGroup;
			children = (
				57E39325159849C100F0D0FB /* Foundation.framework */,
			);
			name = Frameworks;
			sourceTree = "<group>";
		};
		57E39327159849C100F0D0FB /* UIComponent */ = {
			isa = PBXGroup;
			children = (
				5731D45415AE9189000AEB1D /* Category */,
				5787C90415AABDBA001DC499 /* UIComponent */,
				57E3932A159849C100F0D0FB /* UIComponent.h */,
				57E39328159849C100F0D0FB /* Supporting Files */,
			);
			path = UIComponent;
			sourceTree = "<group>";
		};
		57E39328159849C100F0D0FB /* Supporting Files */ = {
			isa = PBXGroup;
			children = (
				57E39329159849C100F0D0FB /* UIComponent-Prefix.pch */,
			);
			name = "Supporting Files";
			sourceTree = "<group>";
		};
		ABE6D0D316C3DDB100448EFD /* DecimalPointNumberPad */ = {
			isa = PBXGroup;
			children = (
				ABE6D0D416C3DDB100448EFD /* NumberKeypadDecimalPoint.h */,
				ABE6D0D516C3DDB100448EFD /* NumberKeypadDecimalPoint.m */,
			);
			path = DecimalPointNumberPad;
			sourceTree = "<group>";
		};
/* End PBXGroup section */

/* Begin PBXHeadersBuildPhase section */
		57E39320159849C100F0D0FB /* Headers */ = {
			isa = PBXHeadersBuildPhase;
			buildActionMask = 2147483647;
			files = (
				57A20F3A16784CBC00FADD75 /* IndexScrollController.h in Headers */,
				57A20F3C16784CBC00FADD75 /* IndexScrollView.h in Headers */,
				57A20F3E16784CBC00FADD75 /* MWPhotoBrowser.h in Headers */,
				57A20F4016784CBC00FADD75 /* MWTapDetectingImageView.h in Headers */,
				57A20F4216784CBC00FADD75 /* MWTapDetectingView.h in Headers */,
				57A20F4416784CBC00FADD75 /* MWZoomingScrollView.h in Headers */,
				57A20F4616784CBC00FADD75 /* RTPhoto.h in Headers */,
				57A20F4816784CBC00FADD75 /* RTPhotoScrollView.h in Headers */,
				57A20F4A16784CBC00FADD75 /* MBProgressHUD.h in Headers */,
				57A20F4C16784CBC00FADD75 /* UIBarButtonItem+WEPopover.h in Headers */,
				57A20F4E16784CBC00FADD75 /* WEPopoverContainerView.h in Headers */,
				57A20F5016784CBC00FADD75 /* WEPopoverController.h in Headers */,
				57A20F5216784CBC00FADD75 /* WEPopoverParentView.h in Headers */,
				57A20F5316784CBC00FADD75 /* WETouchableView.h in Headers */,
				57A20F5516784CBC00FADD75 /* WebImageView.h in Headers */,
				57A20F5716784CBC00FADD75 /* UIScreen+Scale.h in Headers */,
				57A20F5916784CBC00FADD75 /* UIView+Screenshot.h in Headers */,
				57A20F5B16784CBC00FADD75 /* UIImage+Alpha.h in Headers */,
				57A20F5D16784CBC00FADD75 /* UIImage+Resize.h in Headers */,
				57A20F5F16784CBC00FADD75 /* UIImage+RoundedCorner.h in Headers */,
				57A20F6116784CBC00FADD75 /* CustomBadge.h in Headers */,
				57A20F6316784CBC00FADD75 /* AQGridView+CellLayout.h in Headers */,
				57A20F6416784CBC00FADD75 /* AQGridView+CellLocationDelegation.h in Headers */,
				57A20F6516784CBC00FADD75 /* AQGridView.h in Headers */,
				57A20F6716784CBC00FADD75 /* AQGridViewAnimatorItem.h in Headers */,
				57A20F6916784CBC00FADD75 /* AQGridViewCell+AQGridViewCellPrivate.h in Headers */,
				57A20F6A16784CBC00FADD75 /* AQGridViewCell.h in Headers */,
				57A20F6C16784CBC00FADD75 /* AQGridViewController.h in Headers */,
				57A20F6E16784CBC00FADD75 /* AQGridViewData.h in Headers */,
				57A20F7016784CBC00FADD75 /* AQGridViewUpdateInfo.h in Headers */,
				57A20F7216784CBC00FADD75 /* AQGridViewUpdateItem.h in Headers */,
				57A20F7416784CBC00FADD75 /* NSIndexSet+AQIndexesOutsideSet.h in Headers */,
				57A20F7616784CBC00FADD75 /* NSIndexSet+AQIsSetContiguous.h in Headers */,
				57A20F7816784CBC00FADD75 /* UIColor+AQGridView.h in Headers */,
				57A20F7A16784CBC00FADD75 /* JWFolders.h in Headers */,
				57A20F8916784D0F00FADD75 /* EGORefreshTableHeaderView.h in Headers */,
				57A20FA316784FF900FADD75 /* TPKeyboardAvoidingScrollView.h in Headers */,
				57A20FA516784FF900FADD75 /* TPKeyboardAvoidingTableView.h in Headers */,
				57A20FA716784FF900FADD75 /* PlaceHolderTextView.h in Headers */,
				57A20FA916784FF900FADD75 /* RateView.h in Headers */,
				57A20FAB16784FF900FADD75 /* RTDatePickerButton.h in Headers */,
				57A20FAD16784FF900FADD75 /* AFKPageFlipper.h in Headers */,
				57A20FAF16784FF900FADD75 /* RTPopupSheet.h in Headers */,
				57A20FB116784FF900FADD75 /* SNPopupView+UsingPrivateMethod.h in Headers */,
				57A20FB316784FF900FADD75 /* SNPopupView.h in Headers */,
				57B0C4DF16C0ECA4003B2AA9 /* ELCAlbumPickerController.h in Headers */,
				57B0C4E116C0ECA4003B2AA9 /* ELCAsset.h in Headers */,
				57B0C4E316C0ECA4003B2AA9 /* ELCAssetCell.h in Headers */,
				57B0C4E516C0ECA4003B2AA9 /* ELCAssetTablePicker.h in Headers */,
				57B0C4E716C0ECA4003B2AA9 /* ELCImagePickerController.h in Headers */,
				ABE6D0D616C3DDB100448EFD /* NumberKeypadDecimalPoint.h in Headers */,
				578170E616D5C9AF00FA6E45 /* UINavigationController+LegacyRotation.h in Headers */,
				578170E816D5C9AF00FA6E45 /* UITabBarController+LegacyRotation.h in Headers */,
				578170EA16D5C9AF00FA6E45 /* UIViewController+LegacyRotation.h in Headers */,
			);
			runOnlyForDeploymentPostprocessing = 0;
		};
/* End PBXHeadersBuildPhase section */

/* Begin PBXNativeTarget section */
		57E39321159849C100F0D0FB /* UIComponent */ = {
			isa = PBXNativeTarget;
			buildConfigurationList = 57E3932F159849C100F0D0FB /* Build configuration list for PBXNativeTarget "UIComponent" */;
			buildPhases = (
				57E3931E159849C100F0D0FB /* Sources */,
				57E3931F159849C100F0D0FB /* Frameworks */,
				57E39320159849C100F0D0FB /* Headers */,
			);
			buildRules = (
			);
			dependencies = (
			);
			name = UIComponent;
			productName = UIComponent;
			productReference = 57E39322159849C100F0D0FB /* libUIComponent.a */;
			productType = "com.apple.product-type.library.static";
		};
/* End PBXNativeTarget section */

/* Begin PBXProject section */
		57E39319159849C100F0D0FB /* Project object */ = {
			isa = PBXProject;
			attributes = {
				LastUpgradeCheck = 0430;
				ORGANIZATIONNAME = anjuke;
			};
			buildConfigurationList = 57E3931C159849C100F0D0FB /* Build configuration list for PBXProject "UIComponent" */;
			compatibilityVersion = "Xcode 3.2";
			developmentRegion = English;
			hasScannedForEncodings = 0;
			knownRegions = (
				en,
			);
			mainGroup = 57E39317159849C100F0D0FB;
			productRefGroup = 57E39323159849C100F0D0FB /* Products */;
			projectDirPath = "";
			projectRoot = "";
			targets = (
				57E39321159849C100F0D0FB /* UIComponent */,
			);
		};
/* End PBXProject section */

/* Begin PBXSourcesBuildPhase section */
		57E3931E159849C100F0D0FB /* Sources */ = {
			isa = PBXSourcesBuildPhase;
			buildActionMask = 2147483647;
			files = (
				57A20F3B16784CBC00FADD75 /* IndexScrollController.m in Sources */,
				57A20F3D16784CBC00FADD75 /* IndexScrollView.m in Sources */,
				57A20F3F16784CBC00FADD75 /* MWPhotoBrowser.m in Sources */,
				57A20F4116784CBC00FADD75 /* MWTapDetectingImageView.m in Sources */,
				57A20F4316784CBC00FADD75 /* MWTapDetectingView.m in Sources */,
				57A20F4516784CBC00FADD75 /* MWZoomingScrollView.m in Sources */,
				57A20F4716784CBC00FADD75 /* RTPhoto.m in Sources */,
				57A20F4916784CBC00FADD75 /* RTPhotoScrollView.m in Sources */,
				57A20F4B16784CBC00FADD75 /* MBProgressHUD.m in Sources */,
				57A20F4D16784CBC00FADD75 /* UIBarButtonItem+WEPopover.m in Sources */,
				57A20F4F16784CBC00FADD75 /* WEPopoverContainerView.m in Sources */,
				57A20F5116784CBC00FADD75 /* WEPopoverController.m in Sources */,
				57A20F5416784CBC00FADD75 /* WETouchableView.m in Sources */,
				57A20F5616784CBC00FADD75 /* WebImageView.m in Sources */,
				57A20F5816784CBC00FADD75 /* UIScreen+Scale.m in Sources */,
				57A20F5A16784CBC00FADD75 /* UIView+Screenshot.m in Sources */,
				57A20F5C16784CBC00FADD75 /* UIImage+Alpha.m in Sources */,
				57A20F5E16784CBC00FADD75 /* UIImage+Resize.m in Sources */,
				57A20F6016784CBC00FADD75 /* UIImage+RoundedCorner.m in Sources */,
				57A20F6216784CBC00FADD75 /* CustomBadge.m in Sources */,
				57A20F6616784CBC00FADD75 /* AQGridView.m in Sources */,
				57A20F6816784CBC00FADD75 /* AQGridViewAnimatorItem.m in Sources */,
				57A20F6B16784CBC00FADD75 /* AQGridViewCell.m in Sources */,
				57A20F6D16784CBC00FADD75 /* AQGridViewController.m in Sources */,
				57A20F6F16784CBC00FADD75 /* AQGridViewData.m in Sources */,
				57A20F7116784CBC00FADD75 /* AQGridViewUpdateInfo.m in Sources */,
				57A20F7316784CBC00FADD75 /* AQGridViewUpdateItem.m in Sources */,
				57A20F7516784CBC00FADD75 /* NSIndexSet+AQIndexesOutsideSet.m in Sources */,
				57A20F7716784CBC00FADD75 /* NSIndexSet+AQIsSetContiguous.m in Sources */,
				57A20F7916784CBC00FADD75 /* UIColor+AQGridView.m in Sources */,
				57A20F7B16784CBC00FADD75 /* JWFolders.m in Sources */,
				57A20F8A16784D0F00FADD75 /* EGORefreshTableHeaderView.m in Sources */,
				57A20FA416784FF900FADD75 /* TPKeyboardAvoidingScrollView.m in Sources */,
				57A20FA616784FF900FADD75 /* TPKeyboardAvoidingTableView.m in Sources */,
				57A20FA816784FF900FADD75 /* PlaceHolderTextView.m in Sources */,
				57A20FAA16784FF900FADD75 /* RateView.m in Sources */,
				57A20FAC16784FF900FADD75 /* RTDatePickerButton.m in Sources */,
				57A20FAE16784FF900FADD75 /* AFKPageFlipper.m in Sources */,
				57A20FB016784FF900FADD75 /* RTPopupSheet.m in Sources */,
				57A20FB216784FF900FADD75 /* SNPopupView+UsingPrivateMethod.m in Sources */,
				57A20FB416784FF900FADD75 /* SNPopupView.m in Sources */,
				57B0C4E016C0ECA4003B2AA9 /* ELCAlbumPickerController.m in Sources */,
				57B0C4E216C0ECA4003B2AA9 /* ELCAsset.m in Sources */,
				57B0C4E416C0ECA4003B2AA9 /* ELCAssetCell.m in Sources */,
				57B0C4E616C0ECA4003B2AA9 /* ELCAssetTablePicker.m in Sources */,
				57B0C4E816C0ECA4003B2AA9 /* ELCImagePickerController.m in Sources */,
				ABE6D0D716C3DDB100448EFD /* NumberKeypadDecimalPoint.m in Sources */,
				578170E716D5C9AF00FA6E45 /* UINavigationController+LegacyRotation.m in Sources */,
				578170E916D5C9AF00FA6E45 /* UITabBarController+LegacyRotation.m in Sources */,
				578170EB16D5C9AF00FA6E45 /* UIViewController+LegacyRotation.m in Sources */,
			);
			runOnlyForDeploymentPostprocessing = 0;
		};
/* End PBXSourcesBuildPhase section */

/* Begin XCBuildConfiguration section */
		57E3932D159849C100F0D0FB /* Debug */ = {
			isa = XCBuildConfiguration;
			buildSettings = {
				ALWAYS_SEARCH_USER_PATHS = NO;
				ARCHS = "$(ARCHS_STANDARD_32_BIT)";
				COPY_PHASE_STRIP = NO;
				GCC_C_LANGUAGE_STANDARD = gnu99;
				GCC_DYNAMIC_NO_PIC = NO;
				GCC_OPTIMIZATION_LEVEL = 0;
				GCC_PREPROCESSOR_DEFINITIONS = (
					"DEBUG=1",
					"$(inherited)",
				);
				GCC_SYMBOLS_PRIVATE_EXTERN = NO;
				GCC_VERSION = com.apple.compilers.llvm.clang.1_0;
				GCC_WARN_ABOUT_RETURN_TYPE = YES;
				GCC_WARN_UNINITIALIZED_AUTOS = YES;
				GCC_WARN_UNUSED_VARIABLE = YES;
				IPHONEOS_DEPLOYMENT_TARGET = 5.1;
				SDKROOT = iphoneos;
			};
			name = Debug;
		};
		57E3932E159849C100F0D0FB /* Release */ = {
			isa = XCBuildConfiguration;
			buildSettings = {
				ALWAYS_SEARCH_USER_PATHS = NO;
				ARCHS = "$(ARCHS_STANDARD_32_BIT)";
				COPY_PHASE_STRIP = YES;
				GCC_C_LANGUAGE_STANDARD = gnu99;
				GCC_VERSION = com.apple.compilers.llvm.clang.1_0;
				GCC_WARN_ABOUT_RETURN_TYPE = YES;
				GCC_WARN_UNINITIALIZED_AUTOS = YES;
				GCC_WARN_UNUSED_VARIABLE = YES;
				IPHONEOS_DEPLOYMENT_TARGET = 5.1;
				SDKROOT = iphoneos;
				VALIDATE_PRODUCT = YES;
			};
			name = Release;
		};
		57E39330159849C100F0D0FB /* Debug */ = {
			isa = XCBuildConfiguration;
			buildSettings = {
				ARCHS = "$(ARCHS_STANDARD_32_BIT)";
				DSTROOT = /tmp/UIComponent.dst;
				GCC_PRECOMPILE_PREFIX_HEADER = YES;
				GCC_PREFIX_HEADER = "UIComponent/UIComponent-Prefix.pch";
				LIBRARY_SEARCH_PATHS = (
					"$(inherited)",
					"\"$(SRCROOT)/UIComponent\"",
				);
				OTHER_LDFLAGS = "-ObjC";
				PRODUCT_NAME = "$(TARGET_NAME)";
				SKIP_INSTALL = YES;
				USER_HEADER_SEARCH_PATHS = "$(PROJECT_DIR)/../ApiProxy/**";
			};
			name = Debug;
		};
		57E39331159849C100F0D0FB /* Release */ = {
			isa = XCBuildConfiguration;
			buildSettings = {
				ARCHS = "$(ARCHS_STANDARD_32_BIT)";
				DSTROOT = /tmp/UIComponent.dst;
				GCC_PRECOMPILE_PREFIX_HEADER = YES;
				GCC_PREFIX_HEADER = "UIComponent/UIComponent-Prefix.pch";
				LIBRARY_SEARCH_PATHS = (
					"$(inherited)",
					"\"$(SRCROOT)/UIComponent\"",
				);
				OTHER_LDFLAGS = "-ObjC";
				PRODUCT_NAME = "$(TARGET_NAME)";
				SKIP_INSTALL = YES;
				USER_HEADER_SEARCH_PATHS = "$(PROJECT_DIR)/../ApiProxy/**";
			};
			name = Release;
		};
/* End XCBuildConfiguration section */

/* Begin XCConfigurationList section */
		57E3931C159849C100F0D0FB /* Build configuration list for PBXProject "UIComponent" */ = {
			isa = XCConfigurationList;
			buildConfigurations = (
				57E3932D159849C100F0D0FB /* Debug */,
				57E3932E159849C100F0D0FB /* Release */,
			);
			defaultConfigurationIsVisible = 0;
			defaultConfigurationName = Release;
		};
		57E3932F159849C100F0D0FB /* Build configuration list for PBXNativeTarget "UIComponent" */ = {
			isa = XCConfigurationList;
			buildConfigurations = (
				57E39330159849C100F0D0FB /* Debug */,
				57E39331159849C100F0D0FB /* Release */,
			);
			defaultConfigurationIsVisible = 0;
			defaultConfigurationName = Release;
		};
/* End XCConfigurationList section */
	};
	rootObject = 57E39319159849C100F0D0FB /* Project object */;
}
